// !$*UTF8*$!
{
	archiveVersion = 1;
	classes = {
	};
	objectVersion = 51;
	objects = {

/* Begin PBXBuildFile section */
		10B1DD8B871A491DB8379A2A /* Pods_DakhilTask.framework in Frameworks */ = {isa = PBXBuildFile; fileRef = 9B7B8B37662B7388E890D71E /* Pods_DakhilTask.framework */; };
		D904B86F26F7D1A100E0B64C /* OrderDetails.swift in Sources */ = {isa = PBXBuildFile; fileRef = D904B86E26F7D1A100E0B64C /* OrderDetails.swift */; };
		D9085ACC26FA2050002B379B /* NavigationManager.swift in Sources */ = {isa = PBXBuildFile; fileRef = D9085ACB26FA2050002B379B /* NavigationManager.swift */; };
		D9085AE026FA2CC3002B379B /* TermsAndConditionsPresenter.swift in Sources */ = {isa = PBXBuildFile; fileRef = D9085ADB26FA2CC3002B379B /* TermsAndConditionsPresenter.swift */; };
		D9085AE126FA2CC3002B379B /* TermsAndConditionsRouter.swift in Sources */ = {isa = PBXBuildFile; fileRef = D9085ADC26FA2CC3002B379B /* TermsAndConditionsRouter.swift */; };
		D9085AE226FA2CC3002B379B /* TermsAndConditionsViewController.swift in Sources */ = {isa = PBXBuildFile; fileRef = D9085ADD26FA2CC3002B379B /* TermsAndConditionsViewController.swift */; };
		D9085AE326FA2CC3002B379B /* TermsAndConditionsInteractor.swift in Sources */ = {isa = PBXBuildFile; fileRef = D9085ADE26FA2CC3002B379B /* TermsAndConditionsInteractor.swift */; };
		D9085AE426FA2CC3002B379B /* TermsAndConditionsConfigurator.swift in Sources */ = {isa = PBXBuildFile; fileRef = D9085ADF26FA2CC3002B379B /* TermsAndConditionsConfigurator.swift */; };
		D9085AEC26FA2CDB002B379B /* ContactUsPresenter.swift in Sources */ = {isa = PBXBuildFile; fileRef = D9085AE726FA2CDB002B379B /* ContactUsPresenter.swift */; };
		D9085AED26FA2CDB002B379B /* ContactUsRouter.swift in Sources */ = {isa = PBXBuildFile; fileRef = D9085AE826FA2CDB002B379B /* ContactUsRouter.swift */; };
		D9085AEE26FA2CDB002B379B /* ContactUsViewController.swift in Sources */ = {isa = PBXBuildFile; fileRef = D9085AE926FA2CDB002B379B /* ContactUsViewController.swift */; };
		D9085AEF26FA2CDB002B379B /* ContactUsInteractor.swift in Sources */ = {isa = PBXBuildFile; fileRef = D9085AEA26FA2CDB002B379B /* ContactUsInteractor.swift */; };
		D9085AF026FA2CDB002B379B /* ContactUsConfigurator.swift in Sources */ = {isa = PBXBuildFile; fileRef = D9085AEB26FA2CDB002B379B /* ContactUsConfigurator.swift */; };
		D9085AF926FA2CF0002B379B /* AboutUsPresenter.swift in Sources */ = {isa = PBXBuildFile; fileRef = D9085AF426FA2CF0002B379B /* AboutUsPresenter.swift */; };
		D9085AFA26FA2CF0002B379B /* AboutUsRouter.swift in Sources */ = {isa = PBXBuildFile; fileRef = D9085AF526FA2CF0002B379B /* AboutUsRouter.swift */; };
		D9085AFB26FA2CF0002B379B /* AboutUsViewController.swift in Sources */ = {isa = PBXBuildFile; fileRef = D9085AF626FA2CF0002B379B /* AboutUsViewController.swift */; };
		D9085AFC26FA2CF0002B379B /* AboutUsInteractor.swift in Sources */ = {isa = PBXBuildFile; fileRef = D9085AF726FA2CF0002B379B /* AboutUsInteractor.swift */; };
		D9085AFD26FA2CF0002B379B /* AboutUsConfigurator.swift in Sources */ = {isa = PBXBuildFile; fileRef = D9085AF826FA2CF0002B379B /* AboutUsConfigurator.swift */; };
		D9085B0526FA2EBA002B379B /* TermsAndConditions.swift in Sources */ = {isa = PBXBuildFile; fileRef = D9085B0426FA2EBA002B379B /* TermsAndConditions.swift */; };
		D9085B0826FA2F17002B379B /* AboutUs.swift in Sources */ = {isa = PBXBuildFile; fileRef = D9085B0726FA2F17002B379B /* AboutUs.swift */; };
		D9085B0B26FA2F7E002B379B /* ContactUs.swift in Sources */ = {isa = PBXBuildFile; fileRef = D9085B0A26FA2F7E002B379B /* ContactUs.swift */; };
		D90AD5E726FB79D1003F8973 /* OfferTableCell.swift in Sources */ = {isa = PBXBuildFile; fileRef = D90AD5E526FB79D1003F8973 /* OfferTableCell.swift */; };
		D90AD5E826FB79D1003F8973 /* OfferTableCell.xib in Resources */ = {isa = PBXBuildFile; fileRef = D90AD5E626FB79D1003F8973 /* OfferTableCell.xib */; };
		D90AD5EE26FB79EB003F8973 /* RandomTableCell.swift in Sources */ = {isa = PBXBuildFile; fileRef = D90AD5EC26FB79EB003F8973 /* RandomTableCell.swift */; };
		D90AD5EF26FB79EB003F8973 /* RandomTableCell.xib in Resources */ = {isa = PBXBuildFile; fileRef = D90AD5ED26FB79EB003F8973 /* RandomTableCell.xib */; };
		D90AD5F326FB7A08003F8973 /* SlideImageCell.swift in Sources */ = {isa = PBXBuildFile; fileRef = D90AD5F126FB7A08003F8973 /* SlideImageCell.swift */; };
		D90AD5F426FB7A08003F8973 /* SlideImageCell.xib in Resources */ = {isa = PBXBuildFile; fileRef = D90AD5F226FB7A08003F8973 /* SlideImageCell.xib */; };
		D9206F9E26F6448000B017B9 /* ProductPresenter.swift in Sources */ = {isa = PBXBuildFile; fileRef = D9206F9926F6448000B017B9 /* ProductPresenter.swift */; };
		D9206F9F26F6448000B017B9 /* ProductRouter.swift in Sources */ = {isa = PBXBuildFile; fileRef = D9206F9A26F6448000B017B9 /* ProductRouter.swift */; };
		D9206FA026F6448000B017B9 /* ProductViewController.swift in Sources */ = {isa = PBXBuildFile; fileRef = D9206F9B26F6448000B017B9 /* ProductViewController.swift */; };
		D9206FA126F6448000B017B9 /* ProductInteractor.swift in Sources */ = {isa = PBXBuildFile; fileRef = D9206F9C26F6448000B017B9 /* ProductInteractor.swift */; };
		D9206FA226F6448000B017B9 /* ProductConfigurator.swift in Sources */ = {isa = PBXBuildFile; fileRef = D9206F9D26F6448000B017B9 /* ProductConfigurator.swift */; };
		D9206FB526F6648700B017B9 /* OrderDetailsPresenter.swift in Sources */ = {isa = PBXBuildFile; fileRef = D9206FB026F6648700B017B9 /* OrderDetailsPresenter.swift */; };
		D9206FB626F6648700B017B9 /* OrderDetailsRouter.swift in Sources */ = {isa = PBXBuildFile; fileRef = D9206FB126F6648700B017B9 /* OrderDetailsRouter.swift */; };
		D9206FB726F6648700B017B9 /* OrderDetailsViewController.swift in Sources */ = {isa = PBXBuildFile; fileRef = D9206FB226F6648700B017B9 /* OrderDetailsViewController.swift */; };
		D9206FB826F6648700B017B9 /* OrderDetailsInteractor.swift in Sources */ = {isa = PBXBuildFile; fileRef = D9206FB326F6648700B017B9 /* OrderDetailsInteractor.swift */; };
		D9206FB926F6648700B017B9 /* OrderDetailsConfigurator.swift in Sources */ = {isa = PBXBuildFile; fileRef = D9206FB426F6648700B017B9 /* OrderDetailsConfigurator.swift */; };
		D9206FBF26F6654400B017B9 /* CategoryTableCell.swift in Sources */ = {isa = PBXBuildFile; fileRef = D9206FBD26F6654400B017B9 /* CategoryTableCell.swift */; };
		D9206FC026F6654400B017B9 /* CategoryTableCell.xib in Resources */ = {isa = PBXBuildFile; fileRef = D9206FBE26F6654400B017B9 /* CategoryTableCell.xib */; };
		D92CD19426F7534500B9C9B5 /* CartTableCell.swift in Sources */ = {isa = PBXBuildFile; fileRef = D92CD19226F7534500B9C9B5 /* CartTableCell.swift */; };
		D92CD19526F7534500B9C9B5 /* CartTableCell.xib in Resources */ = {isa = PBXBuildFile; fileRef = D92CD19326F7534500B9C9B5 /* CartTableCell.xib */; };
		D947A51126F9E28700B0DE60 /* SideMenu.swift in Sources */ = {isa = PBXBuildFile; fileRef = D947A51026F9E28700B0DE60 /* SideMenu.swift */; };
		D947A51726F9E35200B0DE60 /* SideMenuPresenter.swift in Sources */ = {isa = PBXBuildFile; fileRef = D947A51626F9E35200B0DE60 /* SideMenuPresenter.swift */; };
		D947A51B26F9E63600B0DE60 /* SideMenuRouter.swift in Sources */ = {isa = PBXBuildFile; fileRef = D947A51A26F9E63600B0DE60 /* SideMenuRouter.swift */; };
		D947A52226F9E67D00B0DE60 /* SideMenuConfigurator.swift in Sources */ = {isa = PBXBuildFile; fileRef = D947A52126F9E67D00B0DE60 /* SideMenuConfigurator.swift */; };
		D948E96526F4B99200074298 /* AppDelegate.swift in Sources */ = {isa = PBXBuildFile; fileRef = D948E96426F4B99200074298 /* AppDelegate.swift */; };
		D948E96726F4B99200074298 /* SceneDelegate.swift in Sources */ = {isa = PBXBuildFile; fileRef = D948E96626F4B99200074298 /* SceneDelegate.swift */; };
		D948E96926F4B99200074298 /* SplashViewController.swift in Sources */ = {isa = PBXBuildFile; fileRef = D948E96826F4B99200074298 /* SplashViewController.swift */; };
		D948E96C26F4B99200074298 /* Main.storyboard in Resources */ = {isa = PBXBuildFile; fileRef = D948E96A26F4B99200074298 /* Main.storyboard */; };
		D948E96E26F4B99300074298 /* Assets.xcassets in Resources */ = {isa = PBXBuildFile; fileRef = D948E96D26F4B99300074298 /* Assets.xcassets */; };
		D948E97126F4B99300074298 /* LaunchScreen.storyboard in Resources */ = {isa = PBXBuildFile; fileRef = D948E96F26F4B99300074298 /* LaunchScreen.storyboard */; };
		D948E99226F4BDE500074298 /* TabBar.storyboard in Resources */ = {isa = PBXBuildFile; fileRef = D948E99126F4BDE500074298 /* TabBar.storyboard */; };
		D948E99526F4BDF100074298 /* Home.storyboard in Resources */ = {isa = PBXBuildFile; fileRef = D948E99426F4BDF100074298 /* Home.storyboard */; };
		D948E99F26F4BF7000074298 /* BaseTabBarController.swift in Sources */ = {isa = PBXBuildFile; fileRef = D948E99E26F4BF7000074298 /* BaseTabBarController.swift */; };
		D948E9A826F4BFB700074298 /* LoginPresenter.swift in Sources */ = {isa = PBXBuildFile; fileRef = D948E9A326F4BFB700074298 /* LoginPresenter.swift */; };
		D948E9A926F4BFB700074298 /* LoginRouter.swift in Sources */ = {isa = PBXBuildFile; fileRef = D948E9A426F4BFB700074298 /* LoginRouter.swift */; };
		D948E9AA26F4BFB700074298 /* LoginViewController.swift in Sources */ = {isa = PBXBuildFile; fileRef = D948E9A526F4BFB700074298 /* LoginViewController.swift */; };
		D948E9AB26F4BFB700074298 /* LoginInteractor.swift in Sources */ = {isa = PBXBuildFile; fileRef = D948E9A626F4BFB700074298 /* LoginInteractor.swift */; };
		D948E9AC26F4BFB700074298 /* LoginConfigurator.swift in Sources */ = {isa = PBXBuildFile; fileRef = D948E9A726F4BFB700074298 /* LoginConfigurator.swift */; };
		D948E9B326F4BFD600074298 /* SignUpPresenter.swift in Sources */ = {isa = PBXBuildFile; fileRef = D948E9AE26F4BFD600074298 /* SignUpPresenter.swift */; };
		D948E9B426F4BFD600074298 /* SignUpRouter.swift in Sources */ = {isa = PBXBuildFile; fileRef = D948E9AF26F4BFD600074298 /* SignUpRouter.swift */; };
		D948E9B526F4BFD600074298 /* SignUpViewController.swift in Sources */ = {isa = PBXBuildFile; fileRef = D948E9B026F4BFD600074298 /* SignUpViewController.swift */; };
		D948E9B626F4BFD600074298 /* SignUpInteractor.swift in Sources */ = {isa = PBXBuildFile; fileRef = D948E9B126F4BFD600074298 /* SignUpInteractor.swift */; };
		D948E9B726F4BFD600074298 /* SignUpConfigurator.swift in Sources */ = {isa = PBXBuildFile; fileRef = D948E9B226F4BFD600074298 /* SignUpConfigurator.swift */; };
		D948E9C026F4C00000074298 /* ActivationPresenter.swift in Sources */ = {isa = PBXBuildFile; fileRef = D948E9BB26F4C00000074298 /* ActivationPresenter.swift */; };
		D948E9C126F4C00000074298 /* ActivationRouter.swift in Sources */ = {isa = PBXBuildFile; fileRef = D948E9BC26F4C00000074298 /* ActivationRouter.swift */; };
		D948E9C226F4C00000074298 /* ActivationViewController.swift in Sources */ = {isa = PBXBuildFile; fileRef = D948E9BD26F4C00000074298 /* ActivationViewController.swift */; };
		D948E9C326F4C00000074298 /* ActivationInteractor.swift in Sources */ = {isa = PBXBuildFile; fileRef = D948E9BE26F4C00000074298 /* ActivationInteractor.swift */; };
		D948E9C426F4C00000074298 /* ActivationConfigurator.swift in Sources */ = {isa = PBXBuildFile; fileRef = D948E9BF26F4C00000074298 /* ActivationConfigurator.swift */; };
		D948E9DB26F4C18700074298 /* MainHomePresenter.swift in Sources */ = {isa = PBXBuildFile; fileRef = D948E9D626F4C18700074298 /* MainHomePresenter.swift */; };
		D948E9DC26F4C18700074298 /* MainHomeRouter.swift in Sources */ = {isa = PBXBuildFile; fileRef = D948E9D726F4C18700074298 /* MainHomeRouter.swift */; };
		D948E9DD26F4C18700074298 /* MainHomeViewController.swift in Sources */ = {isa = PBXBuildFile; fileRef = D948E9D826F4C18700074298 /* MainHomeViewController.swift */; };
		D948E9DE26F4C18700074298 /* MainHomeInteractor.swift in Sources */ = {isa = PBXBuildFile; fileRef = D948E9D926F4C18700074298 /* MainHomeInteractor.swift */; };
		D948E9DF26F4C18700074298 /* MainHomeConfigurator.swift in Sources */ = {isa = PBXBuildFile; fileRef = D948E9DA26F4C18700074298 /* MainHomeConfigurator.swift */; };
		D948E9E726F4C1A800074298 /* CategoryPresenter.swift in Sources */ = {isa = PBXBuildFile; fileRef = D948E9E226F4C1A800074298 /* CategoryPresenter.swift */; };
		D948E9E826F4C1A800074298 /* CategoryRouter.swift in Sources */ = {isa = PBXBuildFile; fileRef = D948E9E326F4C1A800074298 /* CategoryRouter.swift */; };
		D948E9E926F4C1A800074298 /* CategoryViewController.swift in Sources */ = {isa = PBXBuildFile; fileRef = D948E9E426F4C1A800074298 /* CategoryViewController.swift */; };
		D948E9EA26F4C1A800074298 /* CategoryInteractor.swift in Sources */ = {isa = PBXBuildFile; fileRef = D948E9E526F4C1A800074298 /* CategoryInteractor.swift */; };
		D948E9EB26F4C1A800074298 /* CategoryConfigurator.swift in Sources */ = {isa = PBXBuildFile; fileRef = D948E9E626F4C1A800074298 /* CategoryConfigurator.swift */; };
		D948E9F226F4C1C600074298 /* CartPresenter.swift in Sources */ = {isa = PBXBuildFile; fileRef = D948E9ED26F4C1C600074298 /* CartPresenter.swift */; };
		D948E9F326F4C1C600074298 /* CartRouter.swift in Sources */ = {isa = PBXBuildFile; fileRef = D948E9EE26F4C1C600074298 /* CartRouter.swift */; };
		D948E9F426F4C1C600074298 /* CartViewController.swift in Sources */ = {isa = PBXBuildFile; fileRef = D948E9EF26F4C1C600074298 /* CartViewController.swift */; };
		D948E9F526F4C1C600074298 /* CartInteractor.swift in Sources */ = {isa = PBXBuildFile; fileRef = D948E9F026F4C1C600074298 /* CartInteractor.swift */; };
		D948E9F626F4C1C600074298 /* CartConfigurator.swift in Sources */ = {isa = PBXBuildFile; fileRef = D948E9F126F4C1C600074298 /* CartConfigurator.swift */; };
		D94E150226F52B3500687BC3 /* MapViewController.swift in Sources */ = {isa = PBXBuildFile; fileRef = D94E150126F52B3500687BC3 /* MapViewController.swift */; };
		D95C631826F9FCEB007B8F2B /* SideMenuInteractor.swift in Sources */ = {isa = PBXBuildFile; fileRef = D95C631726F9FCEB007B8F2B /* SideMenuInteractor.swift */; };
		D95C631C26F9FE49007B8F2B /* LogOutModel.swift in Sources */ = {isa = PBXBuildFile; fileRef = D95C631B26F9FE49007B8F2B /* LogOutModel.swift */; };
		D96F1A1926FC96E9002EFF4C /* CategoryCellPresenter.swift in Sources */ = {isa = PBXBuildFile; fileRef = D96F1A1826FC96E9002EFF4C /* CategoryCellPresenter.swift */; };
		D96F1A1C26FC96FC002EFF4C /* CategoryCellRouter.swift in Sources */ = {isa = PBXBuildFile; fileRef = D96F1A1B26FC96FC002EFF4C /* CategoryCellRouter.swift */; };
		D96F1A1F26FC9715002EFF4C /* CategoryCellConfigurator.swift in Sources */ = {isa = PBXBuildFile; fileRef = D96F1A1E26FC9715002EFF4C /* CategoryCellConfigurator.swift */; };
		D985E2CB26F7872F000EAD1C /* CartDetails.swift in Sources */ = {isa = PBXBuildFile; fileRef = D985E2CA26F7872F000EAD1C /* CartDetails.swift */; };
		D9BCBB2426FB7EC4007382D3 /* CatgTableCell.swift in Sources */ = {isa = PBXBuildFile; fileRef = D9BCBB2226FB7EC4007382D3 /* CatgTableCell.swift */; };
		D9BCBB2526FB7EC4007382D3 /* CatgTableCell.xib in Resources */ = {isa = PBXBuildFile; fileRef = D9BCBB2326FB7EC4007382D3 /* CatgTableCell.xib */; };
		D9BD7C4C26FC78CF00F6C2FA /* CategoryCollecCell.swift in Sources */ = {isa = PBXBuildFile; fileRef = D9BD7C4A26FC78CF00F6C2FA /* CategoryCollecCell.swift */; };
		D9BD7C4D26FC78CF00F6C2FA /* CategoryCollecCell.xib in Resources */ = {isa = PBXBuildFile; fileRef = D9BD7C4B26FC78CF00F6C2FA /* CategoryCollecCell.xib */; };
		D9C27F2126F9D1BF00A4743B /* SideMenuViewController.swift in Sources */ = {isa = PBXBuildFile; fileRef = D9C27F2026F9D1BF00A4743B /* SideMenuViewController.swift */; };
		D9C27F2E26F9DC2500A4743B /* SideMenuCell.swift in Sources */ = {isa = PBXBuildFile; fileRef = D9C27F2C26F9DC2500A4743B /* SideMenuCell.swift */; };
		D9C27F2F26F9DC2500A4743B /* SideMenuCell.xib in Resources */ = {isa = PBXBuildFile; fileRef = D9C27F2D26F9DC2500A4743B /* SideMenuCell.xib */; };
		D9C8DD6826F89C5D00CB9BBE /* QuestionsPresenter.swift in Sources */ = {isa = PBXBuildFile; fileRef = D9C8DD6326F89C5D00CB9BBE /* QuestionsPresenter.swift */; };
		D9C8DD6926F89C5D00CB9BBE /* QuestionsRouter.swift in Sources */ = {isa = PBXBuildFile; fileRef = D9C8DD6426F89C5D00CB9BBE /* QuestionsRouter.swift */; };
		D9C8DD6A26F89C5D00CB9BBE /* QuestionsViewController.swift in Sources */ = {isa = PBXBuildFile; fileRef = D9C8DD6526F89C5D00CB9BBE /* QuestionsViewController.swift */; };
		D9C8DD6B26F89C5D00CB9BBE /* QuestionsInteractor.swift in Sources */ = {isa = PBXBuildFile; fileRef = D9C8DD6626F89C5D00CB9BBE /* QuestionsInteractor.swift */; };
		D9C8DD6C26F89C5D00CB9BBE /* QuestionsConfigurator.swift in Sources */ = {isa = PBXBuildFile; fileRef = D9C8DD6726F89C5D00CB9BBE /* QuestionsConfigurator.swift */; };
		D9C8DD7226F89E5F00CB9BBE /* Question.swift in Sources */ = {isa = PBXBuildFile; fileRef = D9C8DD7126F89E5F00CB9BBE /* Question.swift */; };
		D9DB7D4A26F7E1AF002A4065 /* OrderDetailsCell.swift in Sources */ = {isa = PBXBuildFile; fileRef = D9DB7D4826F7E1AF002A4065 /* OrderDetailsCell.swift */; };
		D9DB7D4B26F7E1AF002A4065 /* OrderDetailsCell.xib in Resources */ = {isa = PBXBuildFile; fileRef = D9DB7D4926F7E1AF002A4065 /* OrderDetailsCell.xib */; };
		D9DEA6D426FB1E1F0038B3D2 /* QuestionCell.swift in Sources */ = {isa = PBXBuildFile; fileRef = D9DEA6D226FB1E1F0038B3D2 /* QuestionCell.swift */; };
		D9DEA6D526FB1E1F0038B3D2 /* QuestionCell.xib in Resources */ = {isa = PBXBuildFile; fileRef = D9DEA6D326FB1E1F0038B3D2 /* QuestionCell.xib */; };
		D9F6C28626F5331E000BE44C /* Extentions.swift in Sources */ = {isa = PBXBuildFile; fileRef = D9F6C28526F5331E000BE44C /* Extentions.swift */; };
		D9F6C28926F53347000BE44C /* UIView+Extentions.swift in Sources */ = {isa = PBXBuildFile; fileRef = D9F6C28826F53347000BE44C /* UIView+Extentions.swift */; };
		D9F6C29326F5341D000BE44C /* UserRequest.swift in Sources */ = {isa = PBXBuildFile; fileRef = D9F6C29226F5341D000BE44C /* UserRequest.swift */; };
		D9F6C29626F53429000BE44C /* URLRequest.swift in Sources */ = {isa = PBXBuildFile; fileRef = D9F6C29526F53429000BE44C /* URLRequest.swift */; };
		D9F6C29926F5343B000BE44C /* LoginModel.swift in Sources */ = {isa = PBXBuildFile; fileRef = D9F6C29826F5343B000BE44C /* LoginModel.swift */; };
		D9F6C29C26F5343F000BE44C /* RegisterModel.swift in Sources */ = {isa = PBXBuildFile; fileRef = D9F6C29B26F5343F000BE44C /* RegisterModel.swift */; };
		D9F6C29F26F53443000BE44C /* UserActivationModel.swift in Sources */ = {isa = PBXBuildFile; fileRef = D9F6C29E26F53443000BE44C /* UserActivationModel.swift */; };
		D9F6C2A226F53447000BE44C /* ProviderDataModel.swift in Sources */ = {isa = PBXBuildFile; fileRef = D9F6C2A126F53447000BE44C /* ProviderDataModel.swift */; };
		D9F6C2A526F53457000BE44C /* HomeModel.swift in Sources */ = {isa = PBXBuildFile; fileRef = D9F6C2A426F53457000BE44C /* HomeModel.swift */; };
		D9F6C2A826F534E3000BE44C /* Validation.swift in Sources */ = {isa = PBXBuildFile; fileRef = D9F6C2A726F534E3000BE44C /* Validation.swift */; };
		D9F6C2B826F541F5000BE44C /* OfferCell.swift in Sources */ = {isa = PBXBuildFile; fileRef = D9F6C2B626F541F5000BE44C /* OfferCell.swift */; };
		D9F6C2B926F541F5000BE44C /* OfferCell.xib in Resources */ = {isa = PBXBuildFile; fileRef = D9F6C2B726F541F5000BE44C /* OfferCell.xib */; };
/* End PBXBuildFile section */

/* Begin PBXFileReference section */
		9890E2979DA3456DBF613D42 /* Pods-DakhilTask.release.xcconfig */ = {isa = PBXFileReference; includeInIndex = 1; lastKnownFileType = text.xcconfig; name = "Pods-DakhilTask.release.xcconfig"; path = "Target Support Files/Pods-DakhilTask/Pods-DakhilTask.release.xcconfig"; sourceTree = "<group>"; };
		9B7B8B37662B7388E890D71E /* Pods_DakhilTask.framework */ = {isa = PBXFileReference; explicitFileType = wrapper.framework; includeInIndex = 0; path = Pods_DakhilTask.framework; sourceTree = BUILT_PRODUCTS_DIR; };
		D904B86E26F7D1A100E0B64C /* OrderDetails.swift */ = {isa = PBXFileReference; lastKnownFileType = sourcecode.swift; path = OrderDetails.swift; sourceTree = "<group>"; };
		D9085ACB26FA2050002B379B /* NavigationManager.swift */ = {isa = PBXFileReference; lastKnownFileType = sourcecode.swift; path = NavigationManager.swift; sourceTree = "<group>"; };
		D9085ADB26FA2CC3002B379B /* TermsAndConditionsPresenter.swift */ = {isa = PBXFileReference; lastKnownFileType = sourcecode.swift; path = TermsAndConditionsPresenter.swift; sourceTree = "<group>"; };
		D9085ADC26FA2CC3002B379B /* TermsAndConditionsRouter.swift */ = {isa = PBXFileReference; lastKnownFileType = sourcecode.swift; path = TermsAndConditionsRouter.swift; sourceTree = "<group>"; };
		D9085ADD26FA2CC3002B379B /* TermsAndConditionsViewController.swift */ = {isa = PBXFileReference; lastKnownFileType = sourcecode.swift; path = TermsAndConditionsViewController.swift; sourceTree = "<group>"; };
		D9085ADE26FA2CC3002B379B /* TermsAndConditionsInteractor.swift */ = {isa = PBXFileReference; lastKnownFileType = sourcecode.swift; path = TermsAndConditionsInteractor.swift; sourceTree = "<group>"; };
		D9085ADF26FA2CC3002B379B /* TermsAndConditionsConfigurator.swift */ = {isa = PBXFileReference; lastKnownFileType = sourcecode.swift; path = TermsAndConditionsConfigurator.swift; sourceTree = "<group>"; };
		D9085AE726FA2CDB002B379B /* ContactUsPresenter.swift */ = {isa = PBXFileReference; lastKnownFileType = sourcecode.swift; path = ContactUsPresenter.swift; sourceTree = "<group>"; };
		D9085AE826FA2CDB002B379B /* ContactUsRouter.swift */ = {isa = PBXFileReference; lastKnownFileType = sourcecode.swift; path = ContactUsRouter.swift; sourceTree = "<group>"; };
		D9085AE926FA2CDB002B379B /* ContactUsViewController.swift */ = {isa = PBXFileReference; lastKnownFileType = sourcecode.swift; path = ContactUsViewController.swift; sourceTree = "<group>"; };
		D9085AEA26FA2CDB002B379B /* ContactUsInteractor.swift */ = {isa = PBXFileReference; lastKnownFileType = sourcecode.swift; path = ContactUsInteractor.swift; sourceTree = "<group>"; };
		D9085AEB26FA2CDB002B379B /* ContactUsConfigurator.swift */ = {isa = PBXFileReference; lastKnownFileType = sourcecode.swift; path = ContactUsConfigurator.swift; sourceTree = "<group>"; };
		D9085AF426FA2CF0002B379B /* AboutUsPresenter.swift */ = {isa = PBXFileReference; lastKnownFileType = sourcecode.swift; path = AboutUsPresenter.swift; sourceTree = "<group>"; };
		D9085AF526FA2CF0002B379B /* AboutUsRouter.swift */ = {isa = PBXFileReference; lastKnownFileType = sourcecode.swift; path = AboutUsRouter.swift; sourceTree = "<group>"; };
		D9085AF626FA2CF0002B379B /* AboutUsViewController.swift */ = {isa = PBXFileReference; lastKnownFileType = sourcecode.swift; path = AboutUsViewController.swift; sourceTree = "<group>"; };
		D9085AF726FA2CF0002B379B /* AboutUsInteractor.swift */ = {isa = PBXFileReference; lastKnownFileType = sourcecode.swift; path = AboutUsInteractor.swift; sourceTree = "<group>"; };
		D9085AF826FA2CF0002B379B /* AboutUsConfigurator.swift */ = {isa = PBXFileReference; lastKnownFileType = sourcecode.swift; path = AboutUsConfigurator.swift; sourceTree = "<group>"; };
		D9085B0426FA2EBA002B379B /* TermsAndConditions.swift */ = {isa = PBXFileReference; lastKnownFileType = sourcecode.swift; path = TermsAndConditions.swift; sourceTree = "<group>"; };
		D9085B0726FA2F17002B379B /* AboutUs.swift */ = {isa = PBXFileReference; lastKnownFileType = sourcecode.swift; path = AboutUs.swift; sourceTree = "<group>"; };
		D9085B0A26FA2F7E002B379B /* ContactUs.swift */ = {isa = PBXFileReference; lastKnownFileType = sourcecode.swift; path = ContactUs.swift; sourceTree = "<group>"; };
		D90AD5E526FB79D1003F8973 /* OfferTableCell.swift */ = {isa = PBXFileReference; lastKnownFileType = sourcecode.swift; path = OfferTableCell.swift; sourceTree = "<group>"; };
		D90AD5E626FB79D1003F8973 /* OfferTableCell.xib */ = {isa = PBXFileReference; lastKnownFileType = file.xib; path = OfferTableCell.xib; sourceTree = "<group>"; };
		D90AD5EC26FB79EB003F8973 /* RandomTableCell.swift */ = {isa = PBXFileReference; lastKnownFileType = sourcecode.swift; path = RandomTableCell.swift; sourceTree = "<group>"; };
		D90AD5ED26FB79EB003F8973 /* RandomTableCell.xib */ = {isa = PBXFileReference; lastKnownFileType = file.xib; path = RandomTableCell.xib; sourceTree = "<group>"; };
		D90AD5F126FB7A08003F8973 /* SlideImageCell.swift */ = {isa = PBXFileReference; lastKnownFileType = sourcecode.swift; path = SlideImageCell.swift; sourceTree = "<group>"; };
		D90AD5F226FB7A08003F8973 /* SlideImageCell.xib */ = {isa = PBXFileReference; lastKnownFileType = file.xib; path = SlideImageCell.xib; sourceTree = "<group>"; };
		D9206F9926F6448000B017B9 /* ProductPresenter.swift */ = {isa = PBXFileReference; lastKnownFileType = sourcecode.swift; path = ProductPresenter.swift; sourceTree = "<group>"; };
		D9206F9A26F6448000B017B9 /* ProductRouter.swift */ = {isa = PBXFileReference; lastKnownFileType = sourcecode.swift; path = ProductRouter.swift; sourceTree = "<group>"; };
		D9206F9B26F6448000B017B9 /* ProductViewController.swift */ = {isa = PBXFileReference; lastKnownFileType = sourcecode.swift; path = ProductViewController.swift; sourceTree = "<group>"; };
		D9206F9C26F6448000B017B9 /* ProductInteractor.swift */ = {isa = PBXFileReference; lastKnownFileType = sourcecode.swift; path = ProductInteractor.swift; sourceTree = "<group>"; };
		D9206F9D26F6448000B017B9 /* ProductConfigurator.swift */ = {isa = PBXFileReference; lastKnownFileType = sourcecode.swift; path = ProductConfigurator.swift; sourceTree = "<group>"; };
		D9206FB026F6648700B017B9 /* OrderDetailsPresenter.swift */ = {isa = PBXFileReference; lastKnownFileType = sourcecode.swift; path = OrderDetailsPresenter.swift; sourceTree = "<group>"; };
		D9206FB126F6648700B017B9 /* OrderDetailsRouter.swift */ = {isa = PBXFileReference; lastKnownFileType = sourcecode.swift; path = OrderDetailsRouter.swift; sourceTree = "<group>"; };
		D9206FB226F6648700B017B9 /* OrderDetailsViewController.swift */ = {isa = PBXFileReference; lastKnownFileType = sourcecode.swift; path = OrderDetailsViewController.swift; sourceTree = "<group>"; };
		D9206FB326F6648700B017B9 /* OrderDetailsInteractor.swift */ = {isa = PBXFileReference; lastKnownFileType = sourcecode.swift; path = OrderDetailsInteractor.swift; sourceTree = "<group>"; };
		D9206FB426F6648700B017B9 /* OrderDetailsConfigurator.swift */ = {isa = PBXFileReference; lastKnownFileType = sourcecode.swift; path = OrderDetailsConfigurator.swift; sourceTree = "<group>"; };
		D9206FBD26F6654400B017B9 /* CategoryTableCell.swift */ = {isa = PBXFileReference; lastKnownFileType = sourcecode.swift; path = CategoryTableCell.swift; sourceTree = "<group>"; };
		D9206FBE26F6654400B017B9 /* CategoryTableCell.xib */ = {isa = PBXFileReference; lastKnownFileType = file.xib; path = CategoryTableCell.xib; sourceTree = "<group>"; };
		D92CD19226F7534500B9C9B5 /* CartTableCell.swift */ = {isa = PBXFileReference; lastKnownFileType = sourcecode.swift; path = CartTableCell.swift; sourceTree = "<group>"; };
		D92CD19326F7534500B9C9B5 /* CartTableCell.xib */ = {isa = PBXFileReference; lastKnownFileType = file.xib; path = CartTableCell.xib; sourceTree = "<group>"; };
		D947A51026F9E28700B0DE60 /* SideMenu.swift */ = {isa = PBXFileReference; lastKnownFileType = sourcecode.swift; path = SideMenu.swift; sourceTree = "<group>"; };
		D947A51626F9E35200B0DE60 /* SideMenuPresenter.swift */ = {isa = PBXFileReference; lastKnownFileType = sourcecode.swift; path = SideMenuPresenter.swift; sourceTree = "<group>"; };
		D947A51A26F9E63600B0DE60 /* SideMenuRouter.swift */ = {isa = PBXFileReference; lastKnownFileType = sourcecode.swift; path = SideMenuRouter.swift; sourceTree = "<group>"; };
		D947A52126F9E67D00B0DE60 /* SideMenuConfigurator.swift */ = {isa = PBXFileReference; lastKnownFileType = sourcecode.swift; path = SideMenuConfigurator.swift; sourceTree = "<group>"; };
		D948E96126F4B99200074298 /* DakhilTask.app */ = {isa = PBXFileReference; explicitFileType = wrapper.application; includeInIndex = 0; path = DakhilTask.app; sourceTree = BUILT_PRODUCTS_DIR; };
		D948E96426F4B99200074298 /* AppDelegate.swift */ = {isa = PBXFileReference; lastKnownFileType = sourcecode.swift; path = AppDelegate.swift; sourceTree = "<group>"; };
		D948E96626F4B99200074298 /* SceneDelegate.swift */ = {isa = PBXFileReference; lastKnownFileType = sourcecode.swift; path = SceneDelegate.swift; sourceTree = "<group>"; };
		D948E96826F4B99200074298 /* SplashViewController.swift */ = {isa = PBXFileReference; lastKnownFileType = sourcecode.swift; path = SplashViewController.swift; sourceTree = "<group>"; };
		D948E96B26F4B99200074298 /* Base */ = {isa = PBXFileReference; lastKnownFileType = file.storyboard; name = Base; path = Base.lproj/Main.storyboard; sourceTree = "<group>"; };
		D948E96D26F4B99300074298 /* Assets.xcassets */ = {isa = PBXFileReference; lastKnownFileType = folder.assetcatalog; path = Assets.xcassets; sourceTree = "<group>"; };
		D948E97026F4B99300074298 /* Base */ = {isa = PBXFileReference; lastKnownFileType = file.storyboard; name = Base; path = Base.lproj/LaunchScreen.storyboard; sourceTree = "<group>"; };
		D948E97226F4B99300074298 /* Info.plist */ = {isa = PBXFileReference; lastKnownFileType = text.plist.xml; path = Info.plist; sourceTree = "<group>"; };
		D948E99126F4BDE500074298 /* TabBar.storyboard */ = {isa = PBXFileReference; lastKnownFileType = file.storyboard; path = TabBar.storyboard; sourceTree = "<group>"; };
		D948E99426F4BDF100074298 /* Home.storyboard */ = {isa = PBXFileReference; lastKnownFileType = file.storyboard; path = Home.storyboard; sourceTree = "<group>"; };
		D948E99E26F4BF7000074298 /* BaseTabBarController.swift */ = {isa = PBXFileReference; lastKnownFileType = sourcecode.swift; path = BaseTabBarController.swift; sourceTree = "<group>"; };
		D948E9A326F4BFB700074298 /* LoginPresenter.swift */ = {isa = PBXFileReference; lastKnownFileType = sourcecode.swift; path = LoginPresenter.swift; sourceTree = "<group>"; };
		D948E9A426F4BFB700074298 /* LoginRouter.swift */ = {isa = PBXFileReference; lastKnownFileType = sourcecode.swift; path = LoginRouter.swift; sourceTree = "<group>"; };
		D948E9A526F4BFB700074298 /* LoginViewController.swift */ = {isa = PBXFileReference; lastKnownFileType = sourcecode.swift; path = LoginViewController.swift; sourceTree = "<group>"; };
		D948E9A626F4BFB700074298 /* LoginInteractor.swift */ = {isa = PBXFileReference; lastKnownFileType = sourcecode.swift; path = LoginInteractor.swift; sourceTree = "<group>"; };
		D948E9A726F4BFB700074298 /* LoginConfigurator.swift */ = {isa = PBXFileReference; lastKnownFileType = sourcecode.swift; path = LoginConfigurator.swift; sourceTree = "<group>"; };
		D948E9AE26F4BFD600074298 /* SignUpPresenter.swift */ = {isa = PBXFileReference; lastKnownFileType = sourcecode.swift; path = SignUpPresenter.swift; sourceTree = "<group>"; };
		D948E9AF26F4BFD600074298 /* SignUpRouter.swift */ = {isa = PBXFileReference; lastKnownFileType = sourcecode.swift; path = SignUpRouter.swift; sourceTree = "<group>"; };
		D948E9B026F4BFD600074298 /* SignUpViewController.swift */ = {isa = PBXFileReference; lastKnownFileType = sourcecode.swift; path = SignUpViewController.swift; sourceTree = "<group>"; };
		D948E9B126F4BFD600074298 /* SignUpInteractor.swift */ = {isa = PBXFileReference; lastKnownFileType = sourcecode.swift; path = SignUpInteractor.swift; sourceTree = "<group>"; };
		D948E9B226F4BFD600074298 /* SignUpConfigurator.swift */ = {isa = PBXFileReference; lastKnownFileType = sourcecode.swift; path = SignUpConfigurator.swift; sourceTree = "<group>"; };
		D948E9BB26F4C00000074298 /* ActivationPresenter.swift */ = {isa = PBXFileReference; lastKnownFileType = sourcecode.swift; path = ActivationPresenter.swift; sourceTree = "<group>"; };
		D948E9BC26F4C00000074298 /* ActivationRouter.swift */ = {isa = PBXFileReference; lastKnownFileType = sourcecode.swift; path = ActivationRouter.swift; sourceTree = "<group>"; };
		D948E9BD26F4C00000074298 /* ActivationViewController.swift */ = {isa = PBXFileReference; lastKnownFileType = sourcecode.swift; path = ActivationViewController.swift; sourceTree = "<group>"; };
		D948E9BE26F4C00000074298 /* ActivationInteractor.swift */ = {isa = PBXFileReference; lastKnownFileType = sourcecode.swift; path = ActivationInteractor.swift; sourceTree = "<group>"; };
		D948E9BF26F4C00000074298 /* ActivationConfigurator.swift */ = {isa = PBXFileReference; lastKnownFileType = sourcecode.swift; path = ActivationConfigurator.swift; sourceTree = "<group>"; };
		D948E9D626F4C18700074298 /* MainHomePresenter.swift */ = {isa = PBXFileReference; lastKnownFileType = sourcecode.swift; path = MainHomePresenter.swift; sourceTree = "<group>"; };
		D948E9D726F4C18700074298 /* MainHomeRouter.swift */ = {isa = PBXFileReference; lastKnownFileType = sourcecode.swift; path = MainHomeRouter.swift; sourceTree = "<group>"; };
		D948E9D826F4C18700074298 /* MainHomeViewController.swift */ = {isa = PBXFileReference; lastKnownFileType = sourcecode.swift; path = MainHomeViewController.swift; sourceTree = "<group>"; };
		D948E9D926F4C18700074298 /* MainHomeInteractor.swift */ = {isa = PBXFileReference; lastKnownFileType = sourcecode.swift; path = MainHomeInteractor.swift; sourceTree = "<group>"; };
		D948E9DA26F4C18700074298 /* MainHomeConfigurator.swift */ = {isa = PBXFileReference; lastKnownFileType = sourcecode.swift; path = MainHomeConfigurator.swift; sourceTree = "<group>"; };
		D948E9E226F4C1A800074298 /* CategoryPresenter.swift */ = {isa = PBXFileReference; lastKnownFileType = sourcecode.swift; path = CategoryPresenter.swift; sourceTree = "<group>"; };
		D948E9E326F4C1A800074298 /* CategoryRouter.swift */ = {isa = PBXFileReference; lastKnownFileType = sourcecode.swift; path = CategoryRouter.swift; sourceTree = "<group>"; };
		D948E9E426F4C1A800074298 /* CategoryViewController.swift */ = {isa = PBXFileReference; lastKnownFileType = sourcecode.swift; path = CategoryViewController.swift; sourceTree = "<group>"; };
		D948E9E526F4C1A800074298 /* CategoryInteractor.swift */ = {isa = PBXFileReference; lastKnownFileType = sourcecode.swift; path = CategoryInteractor.swift; sourceTree = "<group>"; };
		D948E9E626F4C1A800074298 /* CategoryConfigurator.swift */ = {isa = PBXFileReference; lastKnownFileType = sourcecode.swift; path = CategoryConfigurator.swift; sourceTree = "<group>"; };
		D948E9ED26F4C1C600074298 /* CartPresenter.swift */ = {isa = PBXFileReference; lastKnownFileType = sourcecode.swift; path = CartPresenter.swift; sourceTree = "<group>"; };
		D948E9EE26F4C1C600074298 /* CartRouter.swift */ = {isa = PBXFileReference; lastKnownFileType = sourcecode.swift; path = CartRouter.swift; sourceTree = "<group>"; };
		D948E9EF26F4C1C600074298 /* CartViewController.swift */ = {isa = PBXFileReference; lastKnownFileType = sourcecode.swift; path = CartViewController.swift; sourceTree = "<group>"; };
		D948E9F026F4C1C600074298 /* CartInteractor.swift */ = {isa = PBXFileReference; lastKnownFileType = sourcecode.swift; path = CartInteractor.swift; sourceTree = "<group>"; };
		D948E9F126F4C1C600074298 /* CartConfigurator.swift */ = {isa = PBXFileReference; lastKnownFileType = sourcecode.swift; path = CartConfigurator.swift; sourceTree = "<group>"; };
		D94E150126F52B3500687BC3 /* MapViewController.swift */ = {isa = PBXFileReference; lastKnownFileType = sourcecode.swift; path = MapViewController.swift; sourceTree = "<group>"; };
		D95C631726F9FCEB007B8F2B /* SideMenuInteractor.swift */ = {isa = PBXFileReference; lastKnownFileType = sourcecode.swift; path = SideMenuInteractor.swift; sourceTree = "<group>"; };
		D95C631B26F9FE49007B8F2B /* LogOutModel.swift */ = {isa = PBXFileReference; lastKnownFileType = sourcecode.swift; path = LogOutModel.swift; sourceTree = "<group>"; };
		D96F1A1826FC96E9002EFF4C /* CategoryCellPresenter.swift */ = {isa = PBXFileReference; lastKnownFileType = sourcecode.swift; path = CategoryCellPresenter.swift; sourceTree = "<group>"; };
		D96F1A1B26FC96FC002EFF4C /* CategoryCellRouter.swift */ = {isa = PBXFileReference; lastKnownFileType = sourcecode.swift; path = CategoryCellRouter.swift; sourceTree = "<group>"; };
		D96F1A1E26FC9715002EFF4C /* CategoryCellConfigurator.swift */ = {isa = PBXFileReference; lastKnownFileType = sourcecode.swift; path = CategoryCellConfigurator.swift; sourceTree = "<group>"; };
		D985E2CA26F7872F000EAD1C /* CartDetails.swift */ = {isa = PBXFileReference; lastKnownFileType = sourcecode.swift; path = CartDetails.swift; sourceTree = "<group>"; };
		D9BCBB2226FB7EC4007382D3 /* CatgTableCell.swift */ = {isa = PBXFileReference; lastKnownFileType = sourcecode.swift; path = CatgTableCell.swift; sourceTree = "<group>"; };
		D9BCBB2326FB7EC4007382D3 /* CatgTableCell.xib */ = {isa = PBXFileReference; lastKnownFileType = file.xib; path = CatgTableCell.xib; sourceTree = "<group>"; };
		D9BD7C4A26FC78CF00F6C2FA /* CategoryCollecCell.swift */ = {isa = PBXFileReference; lastKnownFileType = sourcecode.swift; path = CategoryCollecCell.swift; sourceTree = "<group>"; };
		D9BD7C4B26FC78CF00F6C2FA /* CategoryCollecCell.xib */ = {isa = PBXFileReference; lastKnownFileType = file.xib; path = CategoryCollecCell.xib; sourceTree = "<group>"; };
		D9C27F2026F9D1BF00A4743B /* SideMenuViewController.swift */ = {isa = PBXFileReference; lastKnownFileType = sourcecode.swift; path = SideMenuViewController.swift; sourceTree = "<group>"; };
		D9C27F2C26F9DC2500A4743B /* SideMenuCell.swift */ = {isa = PBXFileReference; lastKnownFileType = sourcecode.swift; path = SideMenuCell.swift; sourceTree = "<group>"; };
		D9C27F2D26F9DC2500A4743B /* SideMenuCell.xib */ = {isa = PBXFileReference; lastKnownFileType = file.xib; path = SideMenuCell.xib; sourceTree = "<group>"; };
		D9C8DD6326F89C5D00CB9BBE /* QuestionsPresenter.swift */ = {isa = PBXFileReference; lastKnownFileType = sourcecode.swift; path = QuestionsPresenter.swift; sourceTree = "<group>"; };
		D9C8DD6426F89C5D00CB9BBE /* QuestionsRouter.swift */ = {isa = PBXFileReference; lastKnownFileType = sourcecode.swift; path = QuestionsRouter.swift; sourceTree = "<group>"; };
		D9C8DD6526F89C5D00CB9BBE /* QuestionsViewController.swift */ = {isa = PBXFileReference; lastKnownFileType = sourcecode.swift; path = QuestionsViewController.swift; sourceTree = "<group>"; };
		D9C8DD6626F89C5D00CB9BBE /* QuestionsInteractor.swift */ = {isa = PBXFileReference; lastKnownFileType = sourcecode.swift; path = QuestionsInteractor.swift; sourceTree = "<group>"; };
		D9C8DD6726F89C5D00CB9BBE /* QuestionsConfigurator.swift */ = {isa = PBXFileReference; lastKnownFileType = sourcecode.swift; path = QuestionsConfigurator.swift; sourceTree = "<group>"; };
		D9C8DD7126F89E5F00CB9BBE /* Question.swift */ = {isa = PBXFileReference; lastKnownFileType = sourcecode.swift; path = Question.swift; sourceTree = "<group>"; };
		D9DB7D4826F7E1AF002A4065 /* OrderDetailsCell.swift */ = {isa = PBXFileReference; lastKnownFileType = sourcecode.swift; path = OrderDetailsCell.swift; sourceTree = "<group>"; };
		D9DB7D4926F7E1AF002A4065 /* OrderDetailsCell.xib */ = {isa = PBXFileReference; lastKnownFileType = file.xib; path = OrderDetailsCell.xib; sourceTree = "<group>"; };
		D9DEA6D226FB1E1F0038B3D2 /* QuestionCell.swift */ = {isa = PBXFileReference; lastKnownFileType = sourcecode.swift; path = QuestionCell.swift; sourceTree = "<group>"; };
		D9DEA6D326FB1E1F0038B3D2 /* QuestionCell.xib */ = {isa = PBXFileReference; lastKnownFileType = file.xib; path = QuestionCell.xib; sourceTree = "<group>"; };
		D9F6C28526F5331E000BE44C /* Extentions.swift */ = {isa = PBXFileReference; lastKnownFileType = sourcecode.swift; path = Extentions.swift; sourceTree = "<group>"; };
		D9F6C28826F53347000BE44C /* UIView+Extentions.swift */ = {isa = PBXFileReference; lastKnownFileType = sourcecode.swift; path = "UIView+Extentions.swift"; sourceTree = "<group>"; };
		D9F6C29226F5341D000BE44C /* UserRequest.swift */ = {isa = PBXFileReference; lastKnownFileType = sourcecode.swift; path = UserRequest.swift; sourceTree = "<group>"; };
		D9F6C29526F53429000BE44C /* URLRequest.swift */ = {isa = PBXFileReference; lastKnownFileType = sourcecode.swift; path = URLRequest.swift; sourceTree = "<group>"; };
		D9F6C29826F5343B000BE44C /* LoginModel.swift */ = {isa = PBXFileReference; fileEncoding = 4; lastKnownFileType = sourcecode.swift; path = LoginModel.swift; sourceTree = "<group>"; };
		D9F6C29B26F5343F000BE44C /* RegisterModel.swift */ = {isa = PBXFileReference; fileEncoding = 4; lastKnownFileType = sourcecode.swift; path = RegisterModel.swift; sourceTree = "<group>"; };
		D9F6C29E26F53443000BE44C /* UserActivationModel.swift */ = {isa = PBXFileReference; fileEncoding = 4; lastKnownFileType = sourcecode.swift; path = UserActivationModel.swift; sourceTree = "<group>"; };
		D9F6C2A126F53447000BE44C /* ProviderDataModel.swift */ = {isa = PBXFileReference; fileEncoding = 4; lastKnownFileType = sourcecode.swift; path = ProviderDataModel.swift; sourceTree = "<group>"; };
		D9F6C2A426F53457000BE44C /* HomeModel.swift */ = {isa = PBXFileReference; fileEncoding = 4; lastKnownFileType = sourcecode.swift; path = HomeModel.swift; sourceTree = "<group>"; };
		D9F6C2A726F534E3000BE44C /* Validation.swift */ = {isa = PBXFileReference; lastKnownFileType = sourcecode.swift; path = Validation.swift; sourceTree = "<group>"; };
		D9F6C2B626F541F5000BE44C /* OfferCell.swift */ = {isa = PBXFileReference; lastKnownFileType = sourcecode.swift; path = OfferCell.swift; sourceTree = "<group>"; };
		D9F6C2B726F541F5000BE44C /* OfferCell.xib */ = {isa = PBXFileReference; lastKnownFileType = file.xib; path = OfferCell.xib; sourceTree = "<group>"; };
		FFAB365DA67F348708720F13 /* Pods-DakhilTask.debug.xcconfig */ = {isa = PBXFileReference; includeInIndex = 1; lastKnownFileType = text.xcconfig; name = "Pods-DakhilTask.debug.xcconfig"; path = "Target Support Files/Pods-DakhilTask/Pods-DakhilTask.debug.xcconfig"; sourceTree = "<group>"; };
/* End PBXFileReference section */

/* Begin PBXFrameworksBuildPhase section */
		D948E95E26F4B99200074298 /* Frameworks */ = {
			isa = PBXFrameworksBuildPhase;
			buildActionMask = 2147483647;
			files = (
				10B1DD8B871A491DB8379A2A /* Pods_DakhilTask.framework in Frameworks */,
			);
			runOnlyForDeploymentPostprocessing = 0;
		};
/* End PBXFrameworksBuildPhase section */

/* Begin PBXGroup section */
		C049C0557C678D1EA613EBC6 /* Frameworks */ = {
			isa = PBXGroup;
			children = (
				9B7B8B37662B7388E890D71E /* Pods_DakhilTask.framework */,
			);
			name = Frameworks;
			sourceTree = "<group>";
		};
		D904B86D26F7D18400E0B64C /* Order */ = {
			isa = PBXGroup;
			children = (
				D904B86E26F7D1A100E0B64C /* OrderDetails.swift */,
			);
			path = Order;
			sourceTree = "<group>";
		};
		D9085ACA26FA2038002B379B /* Manager */ = {
			isa = PBXGroup;
			children = (
				D9085ACB26FA2050002B379B /* NavigationManager.swift */,
			);
			path = Manager;
			sourceTree = "<group>";
		};
		D9085AD526FA2C84002B379B /* View */ = {
			isa = PBXGroup;
			children = (
				D9085ADD26FA2CC3002B379B /* TermsAndConditionsViewController.swift */,
			);
			path = View;
			sourceTree = "<group>";
		};
		D9085AD626FA2C88002B379B /* Pattern */ = {
			isa = PBXGroup;
			children = (
				D9085ADB26FA2CC3002B379B /* TermsAndConditionsPresenter.swift */,
				D9085ADC26FA2CC3002B379B /* TermsAndConditionsRouter.swift */,
				D9085ADE26FA2CC3002B379B /* TermsAndConditionsInteractor.swift */,
				D9085ADF26FA2CC3002B379B /* TermsAndConditionsConfigurator.swift */,
			);
			path = Pattern;
			sourceTree = "<group>";
		};
		D9085AD726FA2C91002B379B /* Pattern */ = {
			isa = PBXGroup;
			children = (
				D9085AE726FA2CDB002B379B /* ContactUsPresenter.swift */,
				D9085AE826FA2CDB002B379B /* ContactUsRouter.swift */,
				D9085AEA26FA2CDB002B379B /* ContactUsInteractor.swift */,
				D9085AEB26FA2CDB002B379B /* ContactUsConfigurator.swift */,
			);
			path = Pattern;
			sourceTree = "<group>";
		};
		D9085AD826FA2C98002B379B /* View */ = {
			isa = PBXGroup;
			children = (
				D9085AE926FA2CDB002B379B /* ContactUsViewController.swift */,
			);
			path = View;
			sourceTree = "<group>";
		};
		D9085AD926FA2C9E002B379B /* Pattern */ = {
			isa = PBXGroup;
			children = (
				D9085AF426FA2CF0002B379B /* AboutUsPresenter.swift */,
				D9085AF526FA2CF0002B379B /* AboutUsRouter.swift */,
				D9085AF726FA2CF0002B379B /* AboutUsInteractor.swift */,
				D9085AF826FA2CF0002B379B /* AboutUsConfigurator.swift */,
			);
			path = Pattern;
			sourceTree = "<group>";
		};
		D9085ADA26FA2CA3002B379B /* View */ = {
			isa = PBXGroup;
			children = (
				D9085AF626FA2CF0002B379B /* AboutUsViewController.swift */,
			);
			path = View;
			sourceTree = "<group>";
		};
		D9206F9626F6444900B017B9 /* Product */ = {
			isa = PBXGroup;
			children = (
				D9206F9726F6446500B017B9 /* View */,
				D9206F9826F6446A00B017B9 /* Pattern */,
			);
			path = Product;
			sourceTree = "<group>";
		};
		D9206F9726F6446500B017B9 /* View */ = {
			isa = PBXGroup;
			children = (
				D9206F9B26F6448000B017B9 /* ProductViewController.swift */,
				D9206FA626F6448E00B017B9 /* Cell */,
			);
			path = View;
			sourceTree = "<group>";
		};
		D9206F9826F6446A00B017B9 /* Pattern */ = {
			isa = PBXGroup;
			children = (
				D9206F9926F6448000B017B9 /* ProductPresenter.swift */,
				D9206F9A26F6448000B017B9 /* ProductRouter.swift */,
				D9206F9C26F6448000B017B9 /* ProductInteractor.swift */,
				D9206F9D26F6448000B017B9 /* ProductConfigurator.swift */,
			);
			path = Pattern;
			sourceTree = "<group>";
		};
		D9206FA626F6448E00B017B9 /* Cell */ = {
			isa = PBXGroup;
			children = (
			);
			path = Cell;
			sourceTree = "<group>";
		};
		D9206FBC26F6651F00B017B9 /* Cell */ = {
			isa = PBXGroup;
			children = (
				D9206FBD26F6654400B017B9 /* CategoryTableCell.swift */,
				D9206FBE26F6654400B017B9 /* CategoryTableCell.xib */,
			);
			path = Cell;
			sourceTree = "<group>";
		};
		D92CD19126F7532D00B9C9B5 /* Cell */ = {
			isa = PBXGroup;
			children = (
				D92CD19226F7534500B9C9B5 /* CartTableCell.swift */,
				D92CD19326F7534500B9C9B5 /* CartTableCell.xib */,
			);
			path = Cell;
			sourceTree = "<group>";
		};
		D947A50F26F9E27400B0DE60 /* SideMenu */ = {
			isa = PBXGroup;
			children = (
				D947A51026F9E28700B0DE60 /* SideMenu.swift */,
			);
			path = SideMenu;
			sourceTree = "<group>";
		};
		D947A51426F9E30100B0DE60 /* ContentModel */ = {
			isa = PBXGroup;
			children = (
				D9C8DD7126F89E5F00CB9BBE /* Question.swift */,
				D9085B0426FA2EBA002B379B /* TermsAndConditions.swift */,
				D9085B0726FA2F17002B379B /* AboutUs.swift */,
				D9085B0A26FA2F7E002B379B /* ContactUs.swift */,
			);
			path = ContentModel;
			sourceTree = "<group>";
		};
		D947A51526F9E31E00B0DE60 /* Pattern */ = {
			isa = PBXGroup;
			children = (
				D947A51626F9E35200B0DE60 /* SideMenuPresenter.swift */,
				D947A51A26F9E63600B0DE60 /* SideMenuRouter.swift */,
				D95C631726F9FCEB007B8F2B /* SideMenuInteractor.swift */,
				D947A52126F9E67D00B0DE60 /* SideMenuConfigurator.swift */,
			);
			path = Pattern;
			sourceTree = "<group>";
		};
		D947A52426F9F25E00B0DE60 /* AboutUs */ = {
			isa = PBXGroup;
			children = (
				D9085ADA26FA2CA3002B379B /* View */,
				D9085AD926FA2C9E002B379B /* Pattern */,
			);
			path = AboutUs;
			sourceTree = "<group>";
		};
		D947A52526F9F26500B0DE60 /* ContactUs */ = {
			isa = PBXGroup;
			children = (
				D9085AD826FA2C98002B379B /* View */,
				D9085AD726FA2C91002B379B /* Pattern */,
			);
			path = ContactUs;
			sourceTree = "<group>";
		};
		D948E95826F4B99200074298 = {
			isa = PBXGroup;
			children = (
				D948E96326F4B99200074298 /* DakhilTask */,
				D948E96226F4B99200074298 /* Products */,
				FF1ADD96241AC0CEA1E7D40E /* Pods */,
				C049C0557C678D1EA613EBC6 /* Frameworks */,
			);
			sourceTree = "<group>";
		};
		D948E96226F4B99200074298 /* Products */ = {
			isa = PBXGroup;
			children = (
				D948E96126F4B99200074298 /* DakhilTask.app */,
			);
			name = Products;
			sourceTree = "<group>";
		};
		D948E96326F4B99200074298 /* DakhilTask */ = {
			isa = PBXGroup;
			children = (
				D948E97F26F4BC8D00074298 /* Resources */,
				D9085ACA26FA2038002B379B /* Manager */,
				D948E97E26F4BC8600074298 /* Utilities */,
				D948E97D26F4BC5900074298 /* Network */,
				D948E97C26F4BC4B00074298 /* Model */,
				D948E97B26F4BC4100074298 /* Scenes */,
				D948E97A26F4BC2B00074298 /* Storyboards */,
				D948E97226F4B99300074298 /* Info.plist */,
			);
			path = DakhilTask;
			sourceTree = "<group>";
		};
		D948E97A26F4BC2B00074298 /* Storyboards */ = {
			isa = PBXGroup;
			children = (
				D948E98326F4BCBA00074298 /* Lunsh */,
				D948E98026F4BC9900074298 /* Auth */,
				D948E98126F4BCA200074298 /* TabBar */,
				D948E98226F4BCAA00074298 /* Home */,
			);
			path = Storyboards;
			sourceTree = "<group>";
		};
		D948E97B26F4BC4100074298 /* Scenes */ = {
			isa = PBXGroup;
			children = (
				D948E98526F4BCCF00074298 /* Base */,
				D948E98626F4BCE600074298 /* Auth */,
				D948E98426F4BCC900074298 /* Home */,
			);
			path = Scenes;
			sourceTree = "<group>";
		};
		D948E97C26F4BC4B00074298 /* Model */ = {
			isa = PBXGroup;
			children = (
				D948E98726F4BCFA00074298 /* Auth */,
				D948E98826F4BD0000074298 /* Home */,
				D948E98926F4BD0E00074298 /* Cart */,
				D904B86D26F7D18400E0B64C /* Order */,
				D9C8DD7026F89E4600CB9BBE /* Setting */,
			);
			path = Model;
			sourceTree = "<group>";
		};
		D948E97D26F4BC5900074298 /* Network */ = {
			isa = PBXGroup;
			children = (
				D9F6C29226F5341D000BE44C /* UserRequest.swift */,
				D9F6C29526F53429000BE44C /* URLRequest.swift */,
			);
			path = Network;
			sourceTree = "<group>";
		};
		D948E97E26F4BC8600074298 /* Utilities */ = {
			isa = PBXGroup;
			children = (
				D9F6C28826F53347000BE44C /* UIView+Extentions.swift */,
				D9F6C28526F5331E000BE44C /* Extentions.swift */,
				D9F6C2A726F534E3000BE44C /* Validation.swift */,
			);
			path = Utilities;
			sourceTree = "<group>";
		};
		D948E97F26F4BC8D00074298 /* Resources */ = {
			isa = PBXGroup;
			children = (
				D948E96426F4B99200074298 /* AppDelegate.swift */,
				D948E96626F4B99200074298 /* SceneDelegate.swift */,
				D948E96D26F4B99300074298 /* Assets.xcassets */,
			);
			path = Resources;
			sourceTree = "<group>";
		};
		D948E98026F4BC9900074298 /* Auth */ = {
			isa = PBXGroup;
			children = (
				D948E96A26F4B99200074298 /* Main.storyboard */,
			);
			path = Auth;
			sourceTree = "<group>";
		};
		D948E98126F4BCA200074298 /* TabBar */ = {
			isa = PBXGroup;
			children = (
				D948E99126F4BDE500074298 /* TabBar.storyboard */,
			);
			path = TabBar;
			sourceTree = "<group>";
		};
		D948E98226F4BCAA00074298 /* Home */ = {
			isa = PBXGroup;
			children = (
				D948E99426F4BDF100074298 /* Home.storyboard */,
			);
			path = Home;
			sourceTree = "<group>";
		};
		D948E98326F4BCBA00074298 /* Lunsh */ = {
			isa = PBXGroup;
			children = (
				D948E96F26F4B99300074298 /* LaunchScreen.storyboard */,
			);
			path = Lunsh;
			sourceTree = "<group>";
		};
		D948E98426F4BCC900074298 /* Home */ = {
			isa = PBXGroup;
			children = (
				D9C8DD5F26F89C2700CB9BBE /* Menu */,
				D948E9CA26F4C02600074298 /* Main */,
				D948E9CD26F4C0C600074298 /* Category */,
				D9206F9626F6444900B017B9 /* Product */,
				D948E9CB26F4C03100074298 /* Cart */,
				D948E9CC26F4C03700074298 /* CartDetails */,
			);
			path = Home;
			sourceTree = "<group>";
		};
		D948E98526F4BCCF00074298 /* Base */ = {
			isa = PBXGroup;
			children = (
				D948E96826F4B99200074298 /* SplashViewController.swift */,
				D948E99E26F4BF7000074298 /* BaseTabBarController.swift */,
			);
			path = Base;
			sourceTree = "<group>";
		};
		D948E98626F4BCE600074298 /* Auth */ = {
			isa = PBXGroup;
			children = (
				D948E98B26F4BD3D00074298 /* Login */,
				D948E98C26F4BD4300074298 /* SignUp */,
				D948E98D26F4BD4A00074298 /* Activation */,
			);
			path = Auth;
			sourceTree = "<group>";
		};
		D948E98726F4BCFA00074298 /* Auth */ = {
			isa = PBXGroup;
			children = (
				D9F6C29826F5343B000BE44C /* LoginModel.swift */,
				D9F6C29B26F5343F000BE44C /* RegisterModel.swift */,
				D9F6C29E26F53443000BE44C /* UserActivationModel.swift */,
				D9F6C2A126F53447000BE44C /* ProviderDataModel.swift */,
				D95C631B26F9FE49007B8F2B /* LogOutModel.swift */,
			);
			path = Auth;
			sourceTree = "<group>";
		};
		D948E98826F4BD0000074298 /* Home */ = {
			isa = PBXGroup;
			children = (
				D9F6C2A426F53457000BE44C /* HomeModel.swift */,
			);
			path = Home;
			sourceTree = "<group>";
		};
		D948E98926F4BD0E00074298 /* Cart */ = {
			isa = PBXGroup;
			children = (
				D985E2CA26F7872F000EAD1C /* CartDetails.swift */,
			);
			path = Cart;
			sourceTree = "<group>";
		};
		D948E98B26F4BD3D00074298 /* Login */ = {
			isa = PBXGroup;
			children = (
				D948E9A126F4BF8300074298 /* View */,
				D948E9A226F4BF8E00074298 /* Pattern */,
			);
			path = Login;
			sourceTree = "<group>";
		};
		D948E98C26F4BD4300074298 /* SignUp */ = {
			isa = PBXGroup;
			children = (
				D98DE30F26F6827E00D17BFC /* MapVC */,
				D948E9B926F4BFDA00074298 /* View */,
				D948E9BA26F4BFE200074298 /* Pattern */,
			);
			path = SignUp;
			sourceTree = "<group>";
		};
		D948E98D26F4BD4A00074298 /* Activation */ = {
			isa = PBXGroup;
			children = (
				D948E9C626F4C00300074298 /* View */,
				D948E9C726F4C00800074298 /* Pattern */,
			);
			path = Activation;
			sourceTree = "<group>";
		};
		D948E9A126F4BF8300074298 /* View */ = {
			isa = PBXGroup;
			children = (
				D948E9A526F4BFB700074298 /* LoginViewController.swift */,
			);
			path = View;
			sourceTree = "<group>";
		};
		D948E9A226F4BF8E00074298 /* Pattern */ = {
			isa = PBXGroup;
			children = (
				D948E9A326F4BFB700074298 /* LoginPresenter.swift */,
				D948E9A426F4BFB700074298 /* LoginRouter.swift */,
				D948E9A626F4BFB700074298 /* LoginInteractor.swift */,
				D948E9A726F4BFB700074298 /* LoginConfigurator.swift */,
			);
			path = Pattern;
			sourceTree = "<group>";
		};
		D948E9B926F4BFDA00074298 /* View */ = {
			isa = PBXGroup;
			children = (
				D948E9B026F4BFD600074298 /* SignUpViewController.swift */,
			);
			path = View;
			sourceTree = "<group>";
		};
		D948E9BA26F4BFE200074298 /* Pattern */ = {
			isa = PBXGroup;
			children = (
				D948E9AE26F4BFD600074298 /* SignUpPresenter.swift */,
				D948E9AF26F4BFD600074298 /* SignUpRouter.swift */,
				D948E9B126F4BFD600074298 /* SignUpInteractor.swift */,
				D948E9B226F4BFD600074298 /* SignUpConfigurator.swift */,
			);
			path = Pattern;
			sourceTree = "<group>";
		};
		D948E9C626F4C00300074298 /* View */ = {
			isa = PBXGroup;
			children = (
				D948E9BD26F4C00000074298 /* ActivationViewController.swift */,
			);
			path = View;
			sourceTree = "<group>";
		};
		D948E9C726F4C00800074298 /* Pattern */ = {
			isa = PBXGroup;
			children = (
				D948E9BB26F4C00000074298 /* ActivationPresenter.swift */,
				D948E9BC26F4C00000074298 /* ActivationRouter.swift */,
				D948E9BE26F4C00000074298 /* ActivationInteractor.swift */,
				D948E9BF26F4C00000074298 /* ActivationConfigurator.swift */,
			);
			path = Pattern;
			sourceTree = "<group>";
		};
		D948E9CA26F4C02600074298 /* Main */ = {
			isa = PBXGroup;
			children = (
				D948E9CE26F4C11D00074298 /* View */,
				D948E9CF26F4C12200074298 /* Pattern */,
			);
			path = Main;
			sourceTree = "<group>";
		};
		D948E9CB26F4C03100074298 /* Cart */ = {
			isa = PBXGroup;
			children = (
				D948E9D226F4C14A00074298 /* View */,
				D948E9D326F4C14E00074298 /* Pattern */,
			);
			path = Cart;
			sourceTree = "<group>";
		};
		D948E9CC26F4C03700074298 /* CartDetails */ = {
			isa = PBXGroup;
			children = (
				D948E9D526F4C16100074298 /* View */,
				D948E9D426F4C15800074298 /* Pattern */,
			);
			path = CartDetails;
			sourceTree = "<group>";
		};
		D948E9CD26F4C0C600074298 /* Category */ = {
			isa = PBXGroup;
			children = (
				D948E9D126F4C14000074298 /* View */,
				D948E9D026F4C13800074298 /* Pattern */,
			);
			path = Category;
			sourceTree = "<group>";
		};
		D948E9CE26F4C11D00074298 /* View */ = {
			isa = PBXGroup;
			children = (
				D948E9D826F4C18700074298 /* MainHomeViewController.swift */,
				D9F6C2AA26F54185000BE44C /* Cells */,
			);
			path = View;
			sourceTree = "<group>";
		};
		D948E9CF26F4C12200074298 /* Pattern */ = {
			isa = PBXGroup;
			children = (
				D948E9D626F4C18700074298 /* MainHomePresenter.swift */,
				D948E9D726F4C18700074298 /* MainHomeRouter.swift */,
				D948E9D926F4C18700074298 /* MainHomeInteractor.swift */,
				D948E9DA26F4C18700074298 /* MainHomeConfigurator.swift */,
			);
			path = Pattern;
			sourceTree = "<group>";
		};
		D948E9D026F4C13800074298 /* Pattern */ = {
			isa = PBXGroup;
			children = (
				D948E9E226F4C1A800074298 /* CategoryPresenter.swift */,
				D948E9E326F4C1A800074298 /* CategoryRouter.swift */,
				D948E9E526F4C1A800074298 /* CategoryInteractor.swift */,
				D948E9E626F4C1A800074298 /* CategoryConfigurator.swift */,
			);
			path = Pattern;
			sourceTree = "<group>";
		};
		D948E9D126F4C14000074298 /* View */ = {
			isa = PBXGroup;
			children = (
				D948E9E426F4C1A800074298 /* CategoryViewController.swift */,
				D9206FBC26F6651F00B017B9 /* Cell */,
			);
			path = View;
			sourceTree = "<group>";
		};
		D948E9D226F4C14A00074298 /* View */ = {
			isa = PBXGroup;
			children = (
				D948E9EF26F4C1C600074298 /* CartViewController.swift */,
				D92CD19126F7532D00B9C9B5 /* Cell */,
			);
			path = View;
			sourceTree = "<group>";
		};
		D948E9D326F4C14E00074298 /* Pattern */ = {
			isa = PBXGroup;
			children = (
				D948E9ED26F4C1C600074298 /* CartPresenter.swift */,
				D948E9EE26F4C1C600074298 /* CartRouter.swift */,
				D948E9F026F4C1C600074298 /* CartInteractor.swift */,
				D948E9F126F4C1C600074298 /* CartConfigurator.swift */,
			);
			path = Pattern;
			sourceTree = "<group>";
		};
		D948E9D426F4C15800074298 /* Pattern */ = {
			isa = PBXGroup;
			children = (
				D9206FB026F6648700B017B9 /* OrderDetailsPresenter.swift */,
				D9206FB126F6648700B017B9 /* OrderDetailsRouter.swift */,
				D9206FB326F6648700B017B9 /* OrderDetailsInteractor.swift */,
				D9206FB426F6648700B017B9 /* OrderDetailsConfigurator.swift */,
			);
			path = Pattern;
			sourceTree = "<group>";
		};
		D948E9D526F4C16100074298 /* View */ = {
			isa = PBXGroup;
			children = (
				D9206FB226F6648700B017B9 /* OrderDetailsViewController.swift */,
				D9DB7D4726F7E197002A4065 /* Cell */,
			);
			path = View;
			sourceTree = "<group>";
		};
		D98DE30F26F6827E00D17BFC /* MapVC */ = {
			isa = PBXGroup;
			children = (
				D94E150126F52B3500687BC3 /* MapViewController.swift */,
			);
			path = MapVC;
			sourceTree = "<group>";
		};
		D99C159726FC95FE00815B3D /* View */ = {
			isa = PBXGroup;
			children = (
				D9BCBB2226FB7EC4007382D3 /* CatgTableCell.swift */,
				D9BCBB2326FB7EC4007382D3 /* CatgTableCell.xib */,
				D9F4259626FB6ED600F53CCD /* CollectionCell */,
			);
			path = View;
			sourceTree = "<group>";
		};
		D99C159826FC961300815B3D /* Pattern */ = {
			isa = PBXGroup;
			children = (
				D96F1A1826FC96E9002EFF4C /* CategoryCellPresenter.swift */,
				D96F1A1B26FC96FC002EFF4C /* CategoryCellRouter.swift */,
				D96F1A1E26FC9715002EFF4C /* CategoryCellConfigurator.swift */,
			);
			path = Pattern;
			sourceTree = "<group>";
		};
		D99C159926FC962700815B3D /* View */ = {
			isa = PBXGroup;
			children = (
				D90AD5E526FB79D1003F8973 /* OfferTableCell.swift */,
				D90AD5E626FB79D1003F8973 /* OfferTableCell.xib */,
				D9F4258926FB6E9500F53CCD /* CollectionCell */,
			);
			path = View;
			sourceTree = "<group>";
		};
		D99C159B26FC962E00815B3D /* Pattern */ = {
			isa = PBXGroup;
			children = (
			);
			path = Pattern;
			sourceTree = "<group>";
		};
		D9C27F1D26F9CE9600A4743B /* TermsAndConditions  */ = {
			isa = PBXGroup;
			children = (
				D9085AD526FA2C84002B379B /* View */,
				D9085AD626FA2C88002B379B /* Pattern */,
			);
			path = "TermsAndConditions ";
			sourceTree = "<group>";
		};
		D9C27F1F26F9D19A00A4743B /* SideMenu */ = {
			isa = PBXGroup;
			children = (
				D9C27F2A26F9DBFF00A4743B /* View */,
				D947A51526F9E31E00B0DE60 /* Pattern */,
			);
			path = SideMenu;
			sourceTree = "<group>";
		};
		D9C27F2A26F9DBFF00A4743B /* View */ = {
			isa = PBXGroup;
			children = (
				D9C27F2026F9D1BF00A4743B /* SideMenuViewController.swift */,
				D9C27F2B26F9DC0400A4743B /* Cell */,
			);
			path = View;
			sourceTree = "<group>";
		};
		D9C27F2B26F9DC0400A4743B /* Cell */ = {
			isa = PBXGroup;
			children = (
				D9C27F2C26F9DC2500A4743B /* SideMenuCell.swift */,
				D9C27F2D26F9DC2500A4743B /* SideMenuCell.xib */,
			);
			path = Cell;
			sourceTree = "<group>";
		};
		D9C8DD5F26F89C2700CB9BBE /* Menu */ = {
			isa = PBXGroup;
			children = (
				D9C27F1F26F9D19A00A4743B /* SideMenu */,
				D9C8DD6026F89C3400CB9BBE /* Question */,
				D9C27F1D26F9CE9600A4743B /* TermsAndConditions  */,
				D947A52526F9F26500B0DE60 /* ContactUs */,
				D947A52426F9F25E00B0DE60 /* AboutUs */,
			);
			path = Menu;
			sourceTree = "<group>";
		};
		D9C8DD6026F89C3400CB9BBE /* Question */ = {
			isa = PBXGroup;
			children = (
				D9C8DD6126F89C3E00CB9BBE /* View */,
				D9C8DD6226F89C4200CB9BBE /* Patternt */,
			);
			path = Question;
			sourceTree = "<group>";
		};
		D9C8DD6126F89C3E00CB9BBE /* View */ = {
			isa = PBXGroup;
			children = (
				D9C8DD6526F89C5D00CB9BBE /* QuestionsViewController.swift */,
				D9C8DD7426F89F6900CB9BBE /* Cell */,
			);
			path = View;
			sourceTree = "<group>";
		};
		D9C8DD6226F89C4200CB9BBE /* Patternt */ = {
			isa = PBXGroup;
			children = (
				D9C8DD6326F89C5D00CB9BBE /* QuestionsPresenter.swift */,
				D9C8DD6426F89C5D00CB9BBE /* QuestionsRouter.swift */,
				D9C8DD6626F89C5D00CB9BBE /* QuestionsInteractor.swift */,
				D9C8DD6726F89C5D00CB9BBE /* QuestionsConfigurator.swift */,
			);
			path = Patternt;
			sourceTree = "<group>";
		};
		D9C8DD7026F89E4600CB9BBE /* Setting */ = {
			isa = PBXGroup;
			children = (
				D947A50F26F9E27400B0DE60 /* SideMenu */,
				D947A51426F9E30100B0DE60 /* ContentModel */,
			);
			path = Setting;
			sourceTree = "<group>";
		};
		D9C8DD7426F89F6900CB9BBE /* Cell */ = {
			isa = PBXGroup;
			children = (
				D9DEA6D226FB1E1F0038B3D2 /* QuestionCell.swift */,
				D9DEA6D326FB1E1F0038B3D2 /* QuestionCell.xib */,
			);
			path = Cell;
			sourceTree = "<group>";
		};
		D9DB7D4726F7E197002A4065 /* Cell */ = {
			isa = PBXGroup;
			children = (
				D9DB7D4826F7E1AF002A4065 /* OrderDetailsCell.swift */,
				D9DB7D4926F7E1AF002A4065 /* OrderDetailsCell.xib */,
			);
			path = Cell;
			sourceTree = "<group>";
		};
		D9F4258726FB6E6800F53CCD /* SlideImageCell */ = {
			isa = PBXGroup;
			children = (
				D90AD5F126FB7A08003F8973 /* SlideImageCell.swift */,
				D90AD5F226FB7A08003F8973 /* SlideImageCell.xib */,
			);
			path = SlideImageCell;
			sourceTree = "<group>";
		};
		D9F4258826FB6E7600F53CCD /* RandomCell */ = {
			isa = PBXGroup;
			children = (
				D90AD5EC26FB79EB003F8973 /* RandomTableCell.swift */,
				D90AD5ED26FB79EB003F8973 /* RandomTableCell.xib */,
			);
			path = RandomCell;
			sourceTree = "<group>";
		};
		D9F4258926FB6E9500F53CCD /* CollectionCell */ = {
			isa = PBXGroup;
			children = (
				D9F6C2B626F541F5000BE44C /* OfferCell.swift */,
				D9F6C2B726F541F5000BE44C /* OfferCell.xib */,
			);
			path = CollectionCell;
			sourceTree = "<group>";
		};
		D9F4259626FB6ED600F53CCD /* CollectionCell */ = {
			isa = PBXGroup;
			children = (
				D9BD7C4A26FC78CF00F6C2FA /* CategoryCollecCell.swift */,
				D9BD7C4B26FC78CF00F6C2FA /* CategoryCollecCell.xib */,
			);
			path = CollectionCell;
			sourceTree = "<group>";
		};
		D9F6C2AA26F54185000BE44C /* Cells */ = {
			isa = PBXGroup;
			children = (
				D9F4258726FB6E6800F53CCD /* SlideImageCell */,
				D9F6C2AB26F54196000BE44C /* Category */,
				D9F4258826FB6E7600F53CCD /* RandomCell */,
				D9F6C2AC26F541A2000BE44C /* Offers */,
			);
			path = Cells;
			sourceTree = "<group>";
		};
		D9F6C2AB26F54196000BE44C /* Category */ = {
			isa = PBXGroup;
			children = (
				D99C159726FC95FE00815B3D /* View */,
				D99C159826FC961300815B3D /* Pattern */,
			);
			path = Category;
			sourceTree = "<group>";
		};
		D9F6C2AC26F541A2000BE44C /* Offers */ = {
			isa = PBXGroup;
			children = (
				D99C159926FC962700815B3D /* View */,
				D99C159B26FC962E00815B3D /* Pattern */,
			);
			path = Offers;
			sourceTree = "<group>";
		};
		FF1ADD96241AC0CEA1E7D40E /* Pods */ = {
			isa = PBXGroup;
			children = (
				FFAB365DA67F348708720F13 /* Pods-DakhilTask.debug.xcconfig */,
				9890E2979DA3456DBF613D42 /* Pods-DakhilTask.release.xcconfig */,
			);
			path = Pods;
			sourceTree = "<group>";
		};
/* End PBXGroup section */

/* Begin PBXNativeTarget section */
		D948E96026F4B99200074298 /* DakhilTask */ = {
			isa = PBXNativeTarget;
			buildConfigurationList = D948E97526F4B99300074298 /* Build configuration list for PBXNativeTarget "DakhilTask" */;
			buildPhases = (
				4F97A6D4E100C6FB3F3836BD /* [CP] Check Pods Manifest.lock */,
				D948E95D26F4B99200074298 /* Sources */,
				D948E95E26F4B99200074298 /* Frameworks */,
				D948E95F26F4B99200074298 /* Resources */,
				DA990DB8FB3509D359EC6024 /* [CP] Embed Pods Frameworks */,
				09B50608983EA2AABD19D280 /* [CP] Copy Pods Resources */,
			);
			buildRules = (
			);
			dependencies = (
			);
			name = DakhilTask;
			productName = DakhilTask;
			productReference = D948E96126F4B99200074298 /* DakhilTask.app */;
			productType = "com.apple.product-type.application";
		};
/* End PBXNativeTarget section */

/* Begin PBXProject section */
		D948E95926F4B99200074298 /* Project object */ = {
			isa = PBXProject;
			attributes = {
				LastSwiftUpdateCheck = 1240;
				LastUpgradeCheck = 1240;
				TargetAttributes = {
					D948E96026F4B99200074298 = {
						CreatedOnToolsVersion = 12.4;
					};
				};
			};
			buildConfigurationList = D948E95C26F4B99200074298 /* Build configuration list for PBXProject "DakhilTask" */;
			compatibilityVersion = "Xcode 9.3";
			developmentRegion = en;
			hasScannedForEncodings = 0;
			knownRegions = (
				en,
				Base,
			);
			mainGroup = D948E95826F4B99200074298;
			productRefGroup = D948E96226F4B99200074298 /* Products */;
			projectDirPath = "";
			projectRoot = "";
			targets = (
				D948E96026F4B99200074298 /* DakhilTask */,
			);
		};
/* End PBXProject section */

/* Begin PBXResourcesBuildPhase section */
		D948E95F26F4B99200074298 /* Resources */ = {
			isa = PBXResourcesBuildPhase;
			buildActionMask = 2147483647;
			files = (
				D948E99226F4BDE500074298 /* TabBar.storyboard in Resources */,
				D9DEA6D526FB1E1F0038B3D2 /* QuestionCell.xib in Resources */,
				D948E99526F4BDF100074298 /* Home.storyboard in Resources */,
				D948E97126F4B99300074298 /* LaunchScreen.storyboard in Resources */,
				D9206FC026F6654400B017B9 /* CategoryTableCell.xib in Resources */,
				D90AD5F426FB7A08003F8973 /* SlideImageCell.xib in Resources */,
				D90AD5EF26FB79EB003F8973 /* RandomTableCell.xib in Resources */,
				D9BD7C4D26FC78CF00F6C2FA /* CategoryCollecCell.xib in Resources */,
				D90AD5E826FB79D1003F8973 /* OfferTableCell.xib in Resources */,
				D9BCBB2526FB7EC4007382D3 /* CatgTableCell.xib in Resources */,
				D9F6C2B926F541F5000BE44C /* OfferCell.xib in Resources */,
				D92CD19526F7534500B9C9B5 /* CartTableCell.xib in Resources */,
				D9DB7D4B26F7E1AF002A4065 /* OrderDetailsCell.xib in Resources */,
				D9C27F2F26F9DC2500A4743B /* SideMenuCell.xib in Resources */,
				D948E96E26F4B99300074298 /* Assets.xcassets in Resources */,
				D948E96C26F4B99200074298 /* Main.storyboard in Resources */,
			);
			runOnlyForDeploymentPostprocessing = 0;
		};
/* End PBXResourcesBuildPhase section */

/* Begin PBXShellScriptBuildPhase section */
		09B50608983EA2AABD19D280 /* [CP] Copy Pods Resources */ = {
			isa = PBXShellScriptBuildPhase;
			buildActionMask = 2147483647;
			files = (
			);
			inputFileListPaths = (
				"${PODS_ROOT}/Target Support Files/Pods-DakhilTask/Pods-DakhilTask-resources-${CONFIGURATION}-input-files.xcfilelist",
			);
			name = "[CP] Copy Pods Resources";
			outputFileListPaths = (
				"${PODS_ROOT}/Target Support Files/Pods-DakhilTask/Pods-DakhilTask-resources-${CONFIGURATION}-output-files.xcfilelist",
			);
			runOnlyForDeploymentPostprocessing = 0;
			shellPath = /bin/sh;
			shellScript = "\"${PODS_ROOT}/Target Support Files/Pods-DakhilTask/Pods-DakhilTask-resources.sh\"\n";
			showEnvVarsInLog = 0;
		};
		4F97A6D4E100C6FB3F3836BD /* [CP] Check Pods Manifest.lock */ = {
			isa = PBXShellScriptBuildPhase;
			buildActionMask = 2147483647;
			files = (
			);
			inputFileListPaths = (
			);
			inputPaths = (
				"${PODS_PODFILE_DIR_PATH}/Podfile.lock",
				"${PODS_ROOT}/Manifest.lock",
			);
			name = "[CP] Check Pods Manifest.lock";
			outputFileListPaths = (
			);
			outputPaths = (
				"$(DERIVED_FILE_DIR)/Pods-DakhilTask-checkManifestLockResult.txt",
			);
			runOnlyForDeploymentPostprocessing = 0;
			shellPath = /bin/sh;
			shellScript = "diff \"${PODS_PODFILE_DIR_PATH}/Podfile.lock\" \"${PODS_ROOT}/Manifest.lock\" > /dev/null\nif [ $? != 0 ] ; then\n    # print error to STDERR\n    echo \"error: The sandbox is not in sync with the Podfile.lock. Run 'pod install' or update your CocoaPods installation.\" >&2\n    exit 1\nfi\n# This output is used by Xcode 'outputs' to avoid re-running this script phase.\necho \"SUCCESS\" > \"${SCRIPT_OUTPUT_FILE_0}\"\n";
			showEnvVarsInLog = 0;
		};
		DA990DB8FB3509D359EC6024 /* [CP] Embed Pods Frameworks */ = {
			isa = PBXShellScriptBuildPhase;
			buildActionMask = 2147483647;
			files = (
			);
			inputFileListPaths = (
				"${PODS_ROOT}/Target Support Files/Pods-DakhilTask/Pods-DakhilTask-frameworks-${CONFIGURATION}-input-files.xcfilelist",
			);
			name = "[CP] Embed Pods Frameworks";
			outputFileListPaths = (
				"${PODS_ROOT}/Target Support Files/Pods-DakhilTask/Pods-DakhilTask-frameworks-${CONFIGURATION}-output-files.xcfilelist",
			);
			runOnlyForDeploymentPostprocessing = 0;
			shellPath = /bin/sh;
			shellScript = "\"${PODS_ROOT}/Target Support Files/Pods-DakhilTask/Pods-DakhilTask-frameworks.sh\"\n";
			showEnvVarsInLog = 0;
		};
/* End PBXShellScriptBuildPhase section */

/* Begin PBXSourcesBuildPhase section */
		D948E95D26F4B99200074298 /* Sources */ = {
			isa = PBXSourcesBuildPhase;
			buildActionMask = 2147483647;
			files = (
				D9206F9E26F6448000B017B9 /* ProductPresenter.swift in Sources */,
				D948E9C426F4C00000074298 /* ActivationConfigurator.swift in Sources */,
				D9085AFD26FA2CF0002B379B /* AboutUsConfigurator.swift in Sources */,
				D9BD7C4C26FC78CF00F6C2FA /* CategoryCollecCell.swift in Sources */,
				D948E9B626F4BFD600074298 /* SignUpInteractor.swift in Sources */,
				D947A51126F9E28700B0DE60 /* SideMenu.swift in Sources */,
				D9DB7D4A26F7E1AF002A4065 /* OrderDetailsCell.swift in Sources */,
				D9206FA026F6448000B017B9 /* ProductViewController.swift in Sources */,
				D948E9AA26F4BFB700074298 /* LoginViewController.swift in Sources */,
				D9F6C28926F53347000BE44C /* UIView+Extentions.swift in Sources */,
				D947A51B26F9E63600B0DE60 /* SideMenuRouter.swift in Sources */,
				D9085AED26FA2CDB002B379B /* ContactUsRouter.swift in Sources */,
				D95C631C26F9FE49007B8F2B /* LogOutModel.swift in Sources */,
				D948E9DE26F4C18700074298 /* MainHomeInteractor.swift in Sources */,
				D9085ACC26FA2050002B379B /* NavigationManager.swift in Sources */,
				D948E99F26F4BF7000074298 /* BaseTabBarController.swift in Sources */,
				D9085B0526FA2EBA002B379B /* TermsAndConditions.swift in Sources */,
				D9F6C29626F53429000BE44C /* URLRequest.swift in Sources */,
				D948E96926F4B99200074298 /* SplashViewController.swift in Sources */,
				D9206FA226F6448000B017B9 /* ProductConfigurator.swift in Sources */,
				D9C8DD6C26F89C5D00CB9BBE /* QuestionsConfigurator.swift in Sources */,
				D9085AFA26FA2CF0002B379B /* AboutUsRouter.swift in Sources */,
				D948E9DF26F4C18700074298 /* MainHomeConfigurator.swift in Sources */,
				D9085AFC26FA2CF0002B379B /* AboutUsInteractor.swift in Sources */,
				D90AD5F326FB7A08003F8973 /* SlideImageCell.swift in Sources */,
				D904B86F26F7D1A100E0B64C /* OrderDetails.swift in Sources */,
				D948E9EB26F4C1A800074298 /* CategoryConfigurator.swift in Sources */,
				D948E9C126F4C00000074298 /* ActivationRouter.swift in Sources */,
				D948E9EA26F4C1A800074298 /* CategoryInteractor.swift in Sources */,
				D9C27F2126F9D1BF00A4743B /* SideMenuViewController.swift in Sources */,
				D9085AE226FA2CC3002B379B /* TermsAndConditionsViewController.swift in Sources */,
				D948E9F626F4C1C600074298 /* CartConfigurator.swift in Sources */,
				D948E9B726F4BFD600074298 /* SignUpConfigurator.swift in Sources */,
				D948E9C326F4C00000074298 /* ActivationInteractor.swift in Sources */,
				D948E9DD26F4C18700074298 /* MainHomeViewController.swift in Sources */,
				D9C8DD6B26F89C5D00CB9BBE /* QuestionsInteractor.swift in Sources */,
				D9206FB526F6648700B017B9 /* OrderDetailsPresenter.swift in Sources */,
				D948E9E726F4C1A800074298 /* CategoryPresenter.swift in Sources */,
				D9F6C29326F5341D000BE44C /* UserRequest.swift in Sources */,
				D92CD19426F7534500B9C9B5 /* CartTableCell.swift in Sources */,
				D96F1A1F26FC9715002EFF4C /* CategoryCellConfigurator.swift in Sources */,
				D948E9DB26F4C18700074298 /* MainHomePresenter.swift in Sources */,
				D948E9C226F4C00000074298 /* ActivationViewController.swift in Sources */,
				D9F6C2B826F541F5000BE44C /* OfferCell.swift in Sources */,
				D948E9A926F4BFB700074298 /* LoginRouter.swift in Sources */,
				D9085AE026FA2CC3002B379B /* TermsAndConditionsPresenter.swift in Sources */,
				D96F1A1926FC96E9002EFF4C /* CategoryCellPresenter.swift in Sources */,
				D9F6C29C26F5343F000BE44C /* RegisterModel.swift in Sources */,
				D9085B0B26FA2F7E002B379B /* ContactUs.swift in Sources */,
				D95C631826F9FCEB007B8F2B /* SideMenuInteractor.swift in Sources */,
				D9206FB726F6648700B017B9 /* OrderDetailsViewController.swift in Sources */,
				D9206FB926F6648700B017B9 /* OrderDetailsConfigurator.swift in Sources */,
				D9206F9F26F6448000B017B9 /* ProductRouter.swift in Sources */,
				D9085AEF26FA2CDB002B379B /* ContactUsInteractor.swift in Sources */,
				D948E9AB26F4BFB700074298 /* LoginInteractor.swift in Sources */,
				D9085AE326FA2CC3002B379B /* TermsAndConditionsInteractor.swift in Sources */,
				D947A51726F9E35200B0DE60 /* SideMenuPresenter.swift in Sources */,
				D9C27F2E26F9DC2500A4743B /* SideMenuCell.swift in Sources */,
				D9C8DD7226F89E5F00CB9BBE /* Question.swift in Sources */,
				D9085AFB26FA2CF0002B379B /* AboutUsViewController.swift in Sources */,
				D948E9E926F4C1A800074298 /* CategoryViewController.swift in Sources */,
				D94E150226F52B3500687BC3 /* MapViewController.swift in Sources */,
				D9C8DD6826F89C5D00CB9BBE /* QuestionsPresenter.swift in Sources */,
				D9F6C29F26F53443000BE44C /* UserActivationModel.swift in Sources */,
				D985E2CB26F7872F000EAD1C /* CartDetails.swift in Sources */,
				D9085AE426FA2CC3002B379B /* TermsAndConditionsConfigurator.swift in Sources */,
				D948E9B426F4BFD600074298 /* SignUpRouter.swift in Sources */,
				D948E9B526F4BFD600074298 /* SignUpViewController.swift in Sources */,
				D9206FA126F6448000B017B9 /* ProductInteractor.swift in Sources */,
				D948E96526F4B99200074298 /* AppDelegate.swift in Sources */,
				D90AD5E726FB79D1003F8973 /* OfferTableCell.swift in Sources */,
				D9BCBB2426FB7EC4007382D3 /* CatgTableCell.swift in Sources */,
				D948E9F326F4C1C600074298 /* CartRouter.swift in Sources */,
				D948E9DC26F4C18700074298 /* MainHomeRouter.swift in Sources */,
				D9DEA6D426FB1E1F0038B3D2 /* QuestionCell.swift in Sources */,
				D948E9AC26F4BFB700074298 /* LoginConfigurator.swift in Sources */,
				D9206FBF26F6654400B017B9 /* CategoryTableCell.swift in Sources */,
				D948E96726F4B99200074298 /* SceneDelegate.swift in Sources */,
				D9F6C2A826F534E3000BE44C /* Validation.swift in Sources */,
				D9F6C2A526F53457000BE44C /* HomeModel.swift in Sources */,
				D9085AF026FA2CDB002B379B /* ContactUsConfigurator.swift in Sources */,
				D9206FB826F6648700B017B9 /* OrderDetailsInteractor.swift in Sources */,
				D9F6C28626F5331E000BE44C /* Extentions.swift in Sources */,
				D9085AE126FA2CC3002B379B /* TermsAndConditionsRouter.swift in Sources */,
				D948E9B326F4BFD600074298 /* SignUpPresenter.swift in Sources */,
				D9F6C2A226F53447000BE44C /* ProviderDataModel.swift in Sources */,
				D9085B0826FA2F17002B379B /* AboutUs.swift in Sources */,
				D948E9F226F4C1C600074298 /* CartPresenter.swift in Sources */,
				D9C8DD6A26F89C5D00CB9BBE /* QuestionsViewController.swift in Sources */,
				D948E9F426F4C1C600074298 /* CartViewController.swift in Sources */,
				D947A52226F9E67D00B0DE60 /* SideMenuConfigurator.swift in Sources */,
				D96F1A1C26FC96FC002EFF4C /* CategoryCellRouter.swift in Sources */,
				D9F6C29926F5343B000BE44C /* LoginModel.swift in Sources */,
				D948E9C026F4C00000074298 /* ActivationPresenter.swift in Sources */,
				D9206FB626F6648700B017B9 /* OrderDetailsRouter.swift in Sources */,
				D9085AF926FA2CF0002B379B /* AboutUsPresenter.swift in Sources */,
				D90AD5EE26FB79EB003F8973 /* RandomTableCell.swift in Sources */,
				D9C8DD6926F89C5D00CB9BBE /* QuestionsRouter.swift in Sources */,
				D948E9E826F4C1A800074298 /* CategoryRouter.swift in Sources */,
				D948E9A826F4BFB700074298 /* LoginPresenter.swift in Sources */,
				D948E9F526F4C1C600074298 /* CartInteractor.swift in Sources */,
				D9085AEC26FA2CDB002B379B /* ContactUsPresenter.swift in Sources */,
				D9085AEE26FA2CDB002B379B /* ContactUsViewController.swift in Sources */,
			);
			runOnlyForDeploymentPostprocessing = 0;
		};
/* End PBXSourcesBuildPhase section */

/* Begin PBXVariantGroup section */
		D948E96A26F4B99200074298 /* Main.storyboard */ = {
			isa = PBXVariantGroup;
			children = (
				D948E96B26F4B99200074298 /* Base */,
			);
			name = Main.storyboard;
			sourceTree = "<group>";
		};
		D948E96F26F4B99300074298 /* LaunchScreen.storyboard */ = {
			isa = PBXVariantGroup;
			children = (
				D948E97026F4B99300074298 /* Base */,
			);
			name = LaunchScreen.storyboard;
			sourceTree = "<group>";
		};
/* End PBXVariantGroup section */

/* Begin XCBuildConfiguration section */
		D948E97326F4B99300074298 /* Debug */ = {
			isa = XCBuildConfiguration;
			buildSettings = {
				ALWAYS_SEARCH_USER_PATHS = NO;
				CLANG_ANALYZER_NONNULL = YES;
				CLANG_ANALYZER_NUMBER_OBJECT_CONVERSION = YES_AGGRESSIVE;
				CLANG_CXX_LANGUAGE_STANDARD = "gnu++14";
				CLANG_CXX_LIBRARY = "libc++";
				CLANG_ENABLE_MODULES = YES;
				CLANG_ENABLE_OBJC_ARC = YES;
				CLANG_ENABLE_OBJC_WEAK = YES;
				CLANG_WARN_BLOCK_CAPTURE_AUTORELEASING = YES;
				CLANG_WARN_BOOL_CONVERSION = YES;
				CLANG_WARN_COMMA = YES;
				CLANG_WARN_CONSTANT_CONVERSION = YES;
				CLANG_WARN_DEPRECATED_OBJC_IMPLEMENTATIONS = YES;
				CLANG_WARN_DIRECT_OBJC_ISA_USAGE = YES_ERROR;
				CLANG_WARN_DOCUMENTATION_COMMENTS = YES;
				CLANG_WARN_EMPTY_BODY = YES;
				CLANG_WARN_ENUM_CONVERSION = YES;
				CLANG_WARN_INFINITE_RECURSION = YES;
				CLANG_WARN_INT_CONVERSION = YES;
				CLANG_WARN_NON_LITERAL_NULL_CONVERSION = YES;
				CLANG_WARN_OBJC_IMPLICIT_RETAIN_SELF = YES;
				CLANG_WARN_OBJC_LITERAL_CONVERSION = YES;
				CLANG_WARN_OBJC_ROOT_CLASS = YES_ERROR;
				CLANG_WARN_QUOTED_INCLUDE_IN_FRAMEWORK_HEADER = YES;
				CLANG_WARN_RANGE_LOOP_ANALYSIS = YES;
				CLANG_WARN_STRICT_PROTOTYPES = YES;
				CLANG_WARN_SUSPICIOUS_MOVE = YES;
				CLANG_WARN_UNGUARDED_AVAILABILITY = YES_AGGRESSIVE;
				CLANG_WARN_UNREACHABLE_CODE = YES;
				CLANG_WARN__DUPLICATE_METHOD_MATCH = YES;
				COPY_PHASE_STRIP = NO;
				DEBUG_INFORMATION_FORMAT = dwarf;
				ENABLE_STRICT_OBJC_MSGSEND = YES;
				ENABLE_TESTABILITY = YES;
				GCC_C_LANGUAGE_STANDARD = gnu11;
				GCC_DYNAMIC_NO_PIC = NO;
				GCC_NO_COMMON_BLOCKS = YES;
				GCC_OPTIMIZATION_LEVEL = 0;
				GCC_PREPROCESSOR_DEFINITIONS = (
					"DEBUG=1",
					"$(inherited)",
				);
				GCC_WARN_64_TO_32_BIT_CONVERSION = YES;
				GCC_WARN_ABOUT_RETURN_TYPE = YES_ERROR;
				GCC_WARN_UNDECLARED_SELECTOR = YES;
				GCC_WARN_UNINITIALIZED_AUTOS = YES_AGGRESSIVE;
				GCC_WARN_UNUSED_FUNCTION = YES;
				GCC_WARN_UNUSED_VARIABLE = YES;
				IPHONEOS_DEPLOYMENT_TARGET = 13.0;
				MTL_ENABLE_DEBUG_INFO = INCLUDE_SOURCE;
				MTL_FAST_MATH = YES;
				ONLY_ACTIVE_ARCH = YES;
				SDKROOT = iphoneos;
				SWIFT_ACTIVE_COMPILATION_CONDITIONS = DEBUG;
				SWIFT_OPTIMIZATION_LEVEL = "-Onone";
			};
			name = Debug;
		};
		D948E97426F4B99300074298 /* Release */ = {
			isa = XCBuildConfiguration;
			buildSettings = {
				ALWAYS_SEARCH_USER_PATHS = NO;
				CLANG_ANALYZER_NONNULL = YES;
				CLANG_ANALYZER_NUMBER_OBJECT_CONVERSION = YES_AGGRESSIVE;
				CLANG_CXX_LANGUAGE_STANDARD = "gnu++14";
				CLANG_CXX_LIBRARY = "libc++";
				CLANG_ENABLE_MODULES = YES;
				CLANG_ENABLE_OBJC_ARC = YES;
				CLANG_ENABLE_OBJC_WEAK = YES;
				CLANG_WARN_BLOCK_CAPTURE_AUTORELEASING = YES;
				CLANG_WARN_BOOL_CONVERSION = YES;
				CLANG_WARN_COMMA = YES;
				CLANG_WARN_CONSTANT_CONVERSION = YES;
				CLANG_WARN_DEPRECATED_OBJC_IMPLEMENTATIONS = YES;
				CLANG_WARN_DIRECT_OBJC_ISA_USAGE = YES_ERROR;
				CLANG_WARN_DOCUMENTATION_COMMENTS = YES;
				CLANG_WARN_EMPTY_BODY = YES;
				CLANG_WARN_ENUM_CONVERSION = YES;
				CLANG_WARN_INFINITE_RECURSION = YES;
				CLANG_WARN_INT_CONVERSION = YES;
				CLANG_WARN_NON_LITERAL_NULL_CONVERSION = YES;
				CLANG_WARN_OBJC_IMPLICIT_RETAIN_SELF = YES;
				CLANG_WARN_OBJC_LITERAL_CONVERSION = YES;
				CLANG_WARN_OBJC_ROOT_CLASS = YES_ERROR;
				CLANG_WARN_QUOTED_INCLUDE_IN_FRAMEWORK_HEADER = YES;
				CLANG_WARN_RANGE_LOOP_ANALYSIS = YES;
				CLANG_WARN_STRICT_PROTOTYPES = YES;
				CLANG_WARN_SUSPICIOUS_MOVE = YES;
				CLANG_WARN_UNGUARDED_AVAILABILITY = YES_AGGRESSIVE;
				CLANG_WARN_UNREACHABLE_CODE = YES;
				CLANG_WARN__DUPLICATE_METHOD_MATCH = YES;
				COPY_PHASE_STRIP = NO;
				DEBUG_INFORMATION_FORMAT = "dwarf-with-dsym";
				ENABLE_NS_ASSERTIONS = NO;
				ENABLE_STRICT_OBJC_MSGSEND = YES;
				GCC_C_LANGUAGE_STANDARD = gnu11;
				GCC_NO_COMMON_BLOCKS = YES;
				GCC_WARN_64_TO_32_BIT_CONVERSION = YES;
				GCC_WARN_ABOUT_RETURN_TYPE = YES_ERROR;
				GCC_WARN_UNDECLARED_SELECTOR = YES;
				GCC_WARN_UNINITIALIZED_AUTOS = YES_AGGRESSIVE;
				GCC_WARN_UNUSED_FUNCTION = YES;
				GCC_WARN_UNUSED_VARIABLE = YES;
				IPHONEOS_DEPLOYMENT_TARGET = 13.0;
				MTL_ENABLE_DEBUG_INFO = NO;
				MTL_FAST_MATH = YES;
				SDKROOT = iphoneos;
				SWIFT_COMPILATION_MODE = wholemodule;
				SWIFT_OPTIMIZATION_LEVEL = "-O";
				VALIDATE_PRODUCT = YES;
			};
			name = Release;
		};
		D948E97626F4B99300074298 /* Debug */ = {
			isa = XCBuildConfiguration;
			baseConfigurationReference = FFAB365DA67F348708720F13 /* Pods-DakhilTask.debug.xcconfig */;
			buildSettings = {
				ASSETCATALOG_COMPILER_APPICON_NAME = AppIcon;
				ASSETCATALOG_COMPILER_GLOBAL_ACCENT_COLOR_NAME = AccentColor;
				CODE_SIGN_STYLE = Automatic;
				DEVELOPMENT_TEAM = 4A7J823U6W;
				INFOPLIST_FILE = DakhilTask/Info.plist;
				IPHONEOS_DEPLOYMENT_TARGET = 13.0;
				LD_RUNPATH_SEARCH_PATHS = (
					"$(inherited)",
					"@executable_path/Frameworks",
				);
				PRODUCT_BUNDLE_IDENTIFIER = com.SaadSherif.DakhilTask;
				PRODUCT_NAME = "$(TARGET_NAME)";
				SWIFT_VERSION = 5.0;
				TARGETED_DEVICE_FAMILY = "1,2";
			};
			name = Debug;
		};
		D948E97726F4B99300074298 /* Release */ = {
			isa = XCBuildConfiguration;
			baseConfigurationReference = 9890E2979DA3456DBF613D42 /* Pods-DakhilTask.release.xcconfig */;
			buildSettings = {
				ASSETCATALOG_COMPILER_APPICON_NAME = AppIcon;
				ASSETCATALOG_COMPILER_GLOBAL_ACCENT_COLOR_NAME = AccentColor;
				CODE_SIGN_STYLE = Automatic;
				DEVELOPMENT_TEAM = 4A7J823U6W;
				INFOPLIST_FILE = DakhilTask/Info.plist;
				IPHONEOS_DEPLOYMENT_TARGET = 13.0;
				LD_RUNPATH_SEARCH_PATHS = (
					"$(inherited)",
					"@executable_path/Frameworks",
				);
				PRODUCT_BUNDLE_IDENTIFIER = com.SaadSherif.DakhilTask;
				PRODUCT_NAME = "$(TARGET_NAME)";
				SWIFT_VERSION = 5.0;
				TARGETED_DEVICE_FAMILY = "1,2";
			};
			name = Release;
		};
/* End XCBuildConfiguration section */

/* Begin XCConfigurationList section */
		D948E95C26F4B99200074298 /* Build configuration list for PBXProject "DakhilTask" */ = {
			isa = XCConfigurationList;
			buildConfigurations = (
				D948E97326F4B99300074298 /* Debug */,
				D948E97426F4B99300074298 /* Release */,
			);
			defaultConfigurationIsVisible = 0;
			defaultConfigurationName = Release;
		};
		D948E97526F4B99300074298 /* Build configuration list for PBXNativeTarget "DakhilTask" */ = {
			isa = XCConfigurationList;
			buildConfigurations = (
				D948E97626F4B99300074298 /* Debug */,
				D948E97726F4B99300074298 /* Release */,
			);
			defaultConfigurationIsVisible = 0;
			defaultConfigurationName = Release;
		};
/* End XCConfigurationList section */
	};
	rootObject = D948E95926F4B99200074298 /* Project object */;
}
